{
  "object": {
    "pins": [
      {
        "package": "DataStructures",
        "repositoryURL": "https://github.com/pcordone/DataStructures.git",
        "state": {
          "branch": "master",
          "revision": "be3fd3d0da4f365edfccbdbc2b4d74494d8f7e2a",
          "version": null
        }
      },
      {
        "package": "SwiftAlgorithmClub",
        "repositoryURL": "https://github.com/pcordone/SwiftAlgorithmClub.git",
        "state": {
          "branch": "master",
          "revision": "867221ceb262110ceb1fa7b954b86c0094799383",
          "version": null
        }
      }
    ]
  },
  "version": 1
}
