// !$*UTF8*$!
{
   archiveVersion = "1";
   objectVersion = "46";
   objects = {
      "Accounting::Accounting" = {
         isa = "PBXNativeTarget";
         buildConfigurationList = "OBJ_85";
         buildPhases = (
            "OBJ_88",
            "OBJ_107"
         );
         dependencies = (
            "OBJ_110",
            "OBJ_112"
         );
         name = "Accounting";
         productName = "Accounting";
         productReference = "Accounting::Accounting::Product";
         productType = "com.apple.product-type.framework";
      };
      "Accounting::Accounting::Product" = {
         isa = "PBXFileReference";
         path = "Accounting.framework";
         sourceTree = "BUILT_PRODUCTS_DIR";
      };
      "Accounting::AccountingPackageTests::ProductTarget" = {
         isa = "PBXAggregateTarget";
         buildConfigurationList = "OBJ_121";
         buildPhases = (
         );
         dependencies = (
            "OBJ_124"
         );
         name = "AccountingPackageTests";
         productName = "AccountingPackageTests";
      };
      "Accounting::AccountingTests" = {
         isa = "PBXNativeTarget";
         buildConfigurationList = "OBJ_126";
         buildPhases = (
            "OBJ_129",
            "OBJ_133"
         );
         dependencies = (
            "OBJ_138",
            "OBJ_140",
            "OBJ_141",
            "OBJ_142"
         );
         name = "AccountingTests";
         productName = "AccountingTests";
         productReference = "Accounting::AccountingTests::Product";
         productType = "com.apple.product-type.bundle.unit-test";
      };
      "Accounting::AccountingTests::Product" = {
         isa = "PBXFileReference";
         path = "AccountingTests.xctest";
         sourceTree = "BUILT_PRODUCTS_DIR";
      };
      "Accounting::SwiftPMPackageDescription" = {
         isa = "PBXNativeTarget";
         buildConfigurationList = "OBJ_115";
         buildPhases = (
            "OBJ_118"
         );
         dependencies = (
         );
         name = "AccountingPackageDescription";
         productName = "AccountingPackageDescription";
         productType = "com.apple.product-type.framework";
      };
      "DataStructures::DataStructures" = {
         isa = "PBXNativeTarget";
         buildConfigurationList = "OBJ_143";
         buildPhases = (
            "OBJ_146",
            "OBJ_148"
         );
         dependencies = (
            "OBJ_150"
         );
         name = "DataStructures";
         productName = "DataStructures";
         productReference = "DataStructures::DataStructures::Product";
         productType = "com.apple.product-type.framework";
      };
      "DataStructures::DataStructures::Product" = {
         isa = "PBXFileReference";
         path = "DataStructures.framework";
         sourceTree = "BUILT_PRODUCTS_DIR";
      };
      "DataStructures::SwiftPMPackageDescription" = {
         isa = "PBXNativeTarget";
         buildConfigurationList = "OBJ_152";
         buildPhases = (
            "OBJ_155"
         );
         dependencies = (
         );
         name = "DataStructuresPackageDescription";
         productName = "DataStructuresPackageDescription";
         productType = "com.apple.product-type.framework";
      };
      "Mockingbird::Mockingbird" = {
         isa = "PBXNativeTarget";
         buildConfigurationList = "OBJ_157";
         buildPhases = (
            "OBJ_160",
            "OBJ_180"
         );
         dependencies = (
         );
         name = "Mockingbird";
         productName = "Mockingbird";
         productReference = "Mockingbird::Mockingbird::Product";
         productType = "com.apple.product-type.framework";
      };
      "Mockingbird::Mockingbird::Product" = {
         isa = "PBXFileReference";
         path = "Mockingbird.framework";
         sourceTree = "BUILT_PRODUCTS_DIR";
      };
      "Mockingbird::SwiftPMPackageDescription" = {
         isa = "PBXNativeTarget";
         buildConfigurationList = "OBJ_182";
         buildPhases = (
            "OBJ_185"
         );
         dependencies = (
         );
         name = "MockingbirdPackageDescription";
         productName = "MockingbirdPackageDescription";
         productType = "com.apple.product-type.framework";
      };
      "OBJ_1" = {
         isa = "PBXProject";
         attributes = {
            LastSwiftMigration = "9999";
            LastUpgradeCheck = "9999";
         };
         buildConfigurationList = "OBJ_2";
         compatibilityVersion = "Xcode 3.2";
         developmentRegion = "en";
         hasScannedForEncodings = "0";
         knownRegions = (
            "en"
         );
         mainGroup = "OBJ_5";
         productRefGroup = "OBJ_76";
         projectDirPath = ".";
         targets = (
            "Accounting::Accounting",
            "Accounting::SwiftPMPackageDescription",
            "Accounting::AccountingPackageTests::ProductTarget",
            "Accounting::AccountingTests",
            "DataStructures::DataStructures",
            "DataStructures::SwiftPMPackageDescription",
            "Mockingbird::Mockingbird",
            "Mockingbird::SwiftPMPackageDescription",
            "SwiftAlgorithmClub::SwiftAlgorithmClub",
            "SwiftAlgorithmClub::SwiftPMPackageDescription"
         );
      };
      "OBJ_10" = {
         isa = "PBXFileReference";
         path = "Account.swift";
         sourceTree = "<group>";
      };
      "OBJ_100" = {
         isa = "PBXBuildFile";
         fileRef = "OBJ_21";
      };
      "OBJ_101" = {
         isa = "PBXBuildFile";
         fileRef = "OBJ_22";
      };
      "OBJ_102" = {
         isa = "PBXBuildFile";
         fileRef = "OBJ_23";
      };
      "OBJ_103" = {
         isa = "PBXBuildFile";
         fileRef = "OBJ_24";
      };
      "OBJ_104" = {
         isa = "PBXBuildFile";
         fileRef = "OBJ_25";
      };
      "OBJ_105" = {
         isa = "PBXBuildFile";
         fileRef = "OBJ_26";
      };
      "OBJ_106" = {
         isa = "PBXBuildFile";
         fileRef = "OBJ_27";
      };
      "OBJ_107" = {
         isa = "PBXFrameworksBuildPhase";
         files = (
            "OBJ_108",
            "OBJ_109"
         );
      };
      "OBJ_108" = {
         isa = "PBXBuildFile";
         fileRef = "DataStructures::DataStructures::Product";
      };
      "OBJ_109" = {
         isa = "PBXBuildFile";
         fileRef = "SwiftAlgorithmClub::SwiftAlgorithmClub::Product";
      };
      "OBJ_11" = {
         isa = "PBXFileReference";
         path = "AccountName.swift";
         sourceTree = "<group>";
      };
      "OBJ_110" = {
         isa = "PBXTargetDependency";
         target = "DataStructures::DataStructures";
      };
      "OBJ_112" = {
         isa = "PBXTargetDependency";
         target = "SwiftAlgorithmClub::SwiftAlgorithmClub";
      };
      "OBJ_115" = {
         isa = "XCConfigurationList";
         buildConfigurations = (
            "OBJ_116",
            "OBJ_117"
         );
         defaultConfigurationIsVisible = "0";
         defaultConfigurationName = "Release";
      };
      "OBJ_116" = {
         isa = "XCBuildConfiguration";
         buildSettings = {
            LD = "/usr/bin/true";
            OTHER_SWIFT_FLAGS = (
               "-swift-version",
               "5",
               "-I",
               "$(TOOLCHAIN_DIR)/usr/lib/swift/pm/4_2",
               "-target",
               "x86_64-apple-macosx10.10",
               "-sdk",
               "/Applications/Xcode.app/Contents/Developer/Platforms/MacOSX.platform/Developer/SDKs/MacOSX10.15.sdk",
               "-package-description-version",
               "5.1"
            );
            SWIFT_VERSION = "5.0";
         };
         name = "Debug";
      };
      "OBJ_117" = {
         isa = "XCBuildConfiguration";
         buildSettings = {
            LD = "/usr/bin/true";
            OTHER_SWIFT_FLAGS = (
               "-swift-version",
               "5",
               "-I",
               "$(TOOLCHAIN_DIR)/usr/lib/swift/pm/4_2",
               "-target",
               "x86_64-apple-macosx10.10",
               "-sdk",
               "/Applications/Xcode.app/Contents/Developer/Platforms/MacOSX.platform/Developer/SDKs/MacOSX10.15.sdk",
               "-package-description-version",
               "5.1"
            );
            SWIFT_VERSION = "5.0";
         };
         name = "Release";
      };
      "OBJ_118" = {
         isa = "PBXSourcesBuildPhase";
         files = (
            "OBJ_119"
         );
      };
      "OBJ_119" = {
         isa = "PBXBuildFile";
         fileRef = "OBJ_6";
      };
      "OBJ_12" = {
         isa = "PBXFileReference";
         path = "AccountNumber.swift";
         sourceTree = "<group>";
      };
      "OBJ_121" = {
         isa = "XCConfigurationList";
         buildConfigurations = (
            "OBJ_122",
            "OBJ_123"
         );
         defaultConfigurationIsVisible = "0";
         defaultConfigurationName = "Release";
      };
      "OBJ_122" = {
         isa = "XCBuildConfiguration";
         buildSettings = {
         };
         name = "Debug";
      };
      "OBJ_123" = {
         isa = "XCBuildConfiguration";
         buildSettings = {
         };
         name = "Release";
      };
      "OBJ_124" = {
         isa = "PBXTargetDependency";
         target = "Accounting::AccountingTests";
      };
      "OBJ_126" = {
         isa = "XCConfigurationList";
         buildConfigurations = (
            "OBJ_127",
            "OBJ_128"
         );
         defaultConfigurationIsVisible = "0";
         defaultConfigurationName = "Release";
      };
      "OBJ_127" = {
         isa = "XCBuildConfiguration";
         buildSettings = {
            CLANG_ENABLE_MODULES = "YES";
            EMBEDDED_CONTENT_CONTAINS_SWIFT = "YES";
            FRAMEWORK_SEARCH_PATHS = (
               "$(inherited)",
               "$(PLATFORM_DIR)/Developer/Library/Frameworks"
            );
            HEADER_SEARCH_PATHS = (
               "$(inherited)"
            );
            INFOPLIST_FILE = "Accounting.xcodeproj/AccountingTests_Info.plist";
            IPHONEOS_DEPLOYMENT_TARGET = "8.0";
            LD_RUNPATH_SEARCH_PATHS = (
               "$(inherited)",
               "@loader_path/../Frameworks",
               "@loader_path/Frameworks"
            );
            MACOSX_DEPLOYMENT_TARGET = "10.10";
            OTHER_CFLAGS = (
               "$(inherited)"
            );
            OTHER_LDFLAGS = (
               "$(inherited)"
            );
            OTHER_SWIFT_FLAGS = (
               "$(inherited)"
            );
            SWIFT_ACTIVE_COMPILATION_CONDITIONS = (
               "$(inherited)"
            );
            SWIFT_VERSION = "5.0";
            TARGET_NAME = "AccountingTests";
            TVOS_DEPLOYMENT_TARGET = "9.0";
            WATCHOS_DEPLOYMENT_TARGET = "2.0";
         };
         name = "Debug";
      };
      "OBJ_128" = {
         isa = "XCBuildConfiguration";
         buildSettings = {
            CLANG_ENABLE_MODULES = "YES";
            EMBEDDED_CONTENT_CONTAINS_SWIFT = "YES";
            FRAMEWORK_SEARCH_PATHS = (
               "$(inherited)",
               "$(PLATFORM_DIR)/Developer/Library/Frameworks"
            );
            HEADER_SEARCH_PATHS = (
               "$(inherited)"
            );
            INFOPLIST_FILE = "Accounting.xcodeproj/AccountingTests_Info.plist";
            IPHONEOS_DEPLOYMENT_TARGET = "8.0";
            LD_RUNPATH_SEARCH_PATHS = (
               "$(inherited)",
               "@loader_path/../Frameworks",
               "@loader_path/Frameworks"
            );
            MACOSX_DEPLOYMENT_TARGET = "10.10";
            OTHER_CFLAGS = (
               "$(inherited)"
            );
            OTHER_LDFLAGS = (
               "$(inherited)"
            );
            OTHER_SWIFT_FLAGS = (
               "$(inherited)"
            );
            SWIFT_ACTIVE_COMPILATION_CONDITIONS = (
               "$(inherited)"
            );
            SWIFT_VERSION = "5.0";
            TARGET_NAME = "AccountingTests";
            TVOS_DEPLOYMENT_TARGET = "9.0";
            WATCHOS_DEPLOYMENT_TARGET = "2.0";
         };
         name = "Release";
      };
      "OBJ_129" = {
         isa = "PBXSourcesBuildPhase";
         files = (
            "OBJ_130",
            "OBJ_131",
            "OBJ_132"
         );
      };
      "OBJ_13" = {
         isa = "PBXFileReference";
         path = "AccountingEvent.swift";
         sourceTree = "<group>";
      };
      "OBJ_130" = {
         isa = "PBXBuildFile";
         fileRef = "OBJ_30";
      };
      "OBJ_131" = {
         isa = "PBXBuildFile";
         fileRef = "OBJ_31";
      };
      "OBJ_132" = {
         isa = "PBXBuildFile";
         fileRef = "OBJ_32";
      };
      "OBJ_133" = {
         isa = "PBXFrameworksBuildPhase";
         files = (
            "OBJ_134",
            "OBJ_135",
            "OBJ_136",
            "OBJ_137"
         );
      };
      "OBJ_134" = {
         isa = "PBXBuildFile";
         fileRef = "Mockingbird::Mockingbird::Product";
      };
      "OBJ_135" = {
         isa = "PBXBuildFile";
         fileRef = "Accounting::Accounting::Product";
      };
      "OBJ_136" = {
         isa = "PBXBuildFile";
         fileRef = "DataStructures::DataStructures::Product";
      };
      "OBJ_137" = {
         isa = "PBXBuildFile";
         fileRef = "SwiftAlgorithmClub::SwiftAlgorithmClub::Product";
      };
      "OBJ_138" = {
         isa = "PBXTargetDependency";
         target = "Mockingbird::Mockingbird";
      };
      "OBJ_14" = {
         isa = "PBXFileReference";
         path = "ChartOfAccounts.swift";
         sourceTree = "<group>";
      };
      "OBJ_140" = {
         isa = "PBXTargetDependency";
         target = "Accounting::Accounting";
      };
      "OBJ_141" = {
         isa = "PBXTargetDependency";
         target = "DataStructures::DataStructures";
      };
      "OBJ_142" = {
         isa = "PBXTargetDependency";
         target = "SwiftAlgorithmClub::SwiftAlgorithmClub";
      };
      "OBJ_143" = {
         isa = "XCConfigurationList";
         buildConfigurations = (
            "OBJ_144",
            "OBJ_145"
         );
         defaultConfigurationIsVisible = "0";
         defaultConfigurationName = "Release";
      };
      "OBJ_144" = {
         isa = "XCBuildConfiguration";
         buildSettings = {
            ENABLE_TESTABILITY = "YES";
            FRAMEWORK_SEARCH_PATHS = (
               "$(inherited)",
               "$(PLATFORM_DIR)/Developer/Library/Frameworks"
            );
            HEADER_SEARCH_PATHS = (
               "$(inherited)"
            );
            INFOPLIST_FILE = "Accounting.xcodeproj/DataStructures_Info.plist";
            IPHONEOS_DEPLOYMENT_TARGET = "8.0";
            LD_RUNPATH_SEARCH_PATHS = (
               "$(inherited)",
               "$(TOOLCHAIN_DIR)/usr/lib/swift/macosx"
            );
            MACOSX_DEPLOYMENT_TARGET = "10.10";
            OTHER_CFLAGS = (
               "$(inherited)"
            );
            OTHER_LDFLAGS = (
               "$(inherited)"
            );
            OTHER_SWIFT_FLAGS = (
               "$(inherited)"
            );
            PRODUCT_BUNDLE_IDENTIFIER = "DataStructures";
            PRODUCT_MODULE_NAME = "$(TARGET_NAME:c99extidentifier)";
            PRODUCT_NAME = "$(TARGET_NAME:c99extidentifier)";
            SKIP_INSTALL = "YES";
            SWIFT_ACTIVE_COMPILATION_CONDITIONS = (
               "$(inherited)"
            );
            SWIFT_VERSION = "5.0";
            TARGET_NAME = "DataStructures";
            TVOS_DEPLOYMENT_TARGET = "9.0";
            WATCHOS_DEPLOYMENT_TARGET = "2.0";
         };
         name = "Debug";
      };
      "OBJ_145" = {
         isa = "XCBuildConfiguration";
         buildSettings = {
            ENABLE_TESTABILITY = "YES";
            FRAMEWORK_SEARCH_PATHS = (
               "$(inherited)",
               "$(PLATFORM_DIR)/Developer/Library/Frameworks"
            );
            HEADER_SEARCH_PATHS = (
               "$(inherited)"
            );
            INFOPLIST_FILE = "Accounting.xcodeproj/DataStructures_Info.plist";
            IPHONEOS_DEPLOYMENT_TARGET = "8.0";
            LD_RUNPATH_SEARCH_PATHS = (
               "$(inherited)",
               "$(TOOLCHAIN_DIR)/usr/lib/swift/macosx"
            );
            MACOSX_DEPLOYMENT_TARGET = "10.10";
            OTHER_CFLAGS = (
               "$(inherited)"
            );
            OTHER_LDFLAGS = (
               "$(inherited)"
            );
            OTHER_SWIFT_FLAGS = (
               "$(inherited)"
            );
            PRODUCT_BUNDLE_IDENTIFIER = "DataStructures";
            PRODUCT_MODULE_NAME = "$(TARGET_NAME:c99extidentifier)";
            PRODUCT_NAME = "$(TARGET_NAME:c99extidentifier)";
            SKIP_INSTALL = "YES";
            SWIFT_ACTIVE_COMPILATION_CONDITIONS = (
               "$(inherited)"
            );
            SWIFT_VERSION = "5.0";
            TARGET_NAME = "DataStructures";
            TVOS_DEPLOYMENT_TARGET = "9.0";
            WATCHOS_DEPLOYMENT_TARGET = "2.0";
         };
         name = "Release";
      };
      "OBJ_146" = {
         isa = "PBXSourcesBuildPhase";
         files = (
            "OBJ_147"
         );
      };
      "OBJ_147" = {
         isa = "PBXBuildFile";
         fileRef = "OBJ_69";
      };
      "OBJ_148" = {
         isa = "PBXFrameworksBuildPhase";
         files = (
            "OBJ_149"
         );
      };
      "OBJ_149" = {
         isa = "PBXBuildFile";
         fileRef = "SwiftAlgorithmClub::SwiftAlgorithmClub::Product";
      };
      "OBJ_15" = {
         isa = "PBXFileReference";
         path = "CurrencyType.swift";
         sourceTree = "<group>";
      };
      "OBJ_150" = {
         isa = "PBXTargetDependency";
         target = "SwiftAlgorithmClub::SwiftAlgorithmClub";
      };
      "OBJ_152" = {
         isa = "XCConfigurationList";
         buildConfigurations = (
            "OBJ_153",
            "OBJ_154"
         );
         defaultConfigurationIsVisible = "0";
         defaultConfigurationName = "Release";
      };
      "OBJ_153" = {
         isa = "XCBuildConfiguration";
         buildSettings = {
            LD = "/usr/bin/true";
            OTHER_SWIFT_FLAGS = (
               "-swift-version",
               "5",
               "-I",
               "$(TOOLCHAIN_DIR)/usr/lib/swift/pm/4_2",
               "-target",
               "x86_64-apple-macosx10.10",
               "-sdk",
               "/Applications/Xcode.app/Contents/Developer/Platforms/MacOSX.platform/Developer/SDKs/MacOSX10.15.sdk",
               "-package-description-version",
               "5.1"
            );
            SWIFT_VERSION = "5.0";
         };
         name = "Debug";
      };
      "OBJ_154" = {
         isa = "XCBuildConfiguration";
         buildSettings = {
            LD = "/usr/bin/true";
            OTHER_SWIFT_FLAGS = (
               "-swift-version",
               "5",
               "-I",
               "$(TOOLCHAIN_DIR)/usr/lib/swift/pm/4_2",
               "-target",
               "x86_64-apple-macosx10.10",
               "-sdk",
               "/Applications/Xcode.app/Contents/Developer/Platforms/MacOSX.platform/Developer/SDKs/MacOSX10.15.sdk",
               "-package-description-version",
               "5.1"
            );
            SWIFT_VERSION = "5.0";
         };
         name = "Release";
      };
      "OBJ_155" = {
         isa = "PBXSourcesBuildPhase";
         files = (
            "OBJ_156"
         );
      };
      "OBJ_156" = {
         isa = "PBXBuildFile";
         fileRef = "OBJ_70";
      };
      "OBJ_157" = {
         isa = "XCConfigurationList";
         buildConfigurations = (
            "OBJ_158",
            "OBJ_159"
         );
         defaultConfigurationIsVisible = "0";
         defaultConfigurationName = "Release";
      };
      "OBJ_158" = {
         isa = "XCBuildConfiguration";
         buildSettings = {
            ENABLE_TESTABILITY = "YES";
            FRAMEWORK_SEARCH_PATHS = (
               "$(inherited)",
               "$(PLATFORM_DIR)/Developer/Library/Frameworks"
            );
            HEADER_SEARCH_PATHS = (
               "$(inherited)"
            );
            INFOPLIST_FILE = "Accounting.xcodeproj/Mockingbird_Info.plist";
            IPHONEOS_DEPLOYMENT_TARGET = "8.0";
            LD_RUNPATH_SEARCH_PATHS = (
               "$(inherited)",
               "$(TOOLCHAIN_DIR)/usr/lib/swift/macosx"
            );
            MACOSX_DEPLOYMENT_TARGET = "10.10";
            OTHER_CFLAGS = (
               "$(inherited)"
            );
            OTHER_LDFLAGS = (
               "$(inherited)",
               "-framework",
               "XCTest"
            );
            OTHER_SWIFT_FLAGS = (
               "$(inherited)"
            );
            PRODUCT_BUNDLE_IDENTIFIER = "Mockingbird";
            PRODUCT_MODULE_NAME = "$(TARGET_NAME:c99extidentifier)";
            PRODUCT_NAME = "$(TARGET_NAME:c99extidentifier)";
            SKIP_INSTALL = "YES";
            SWIFT_ACTIVE_COMPILATION_CONDITIONS = (
               "$(inherited)"
            );
            SWIFT_VERSION = "5.0";
            TARGET_NAME = "Mockingbird";
            TVOS_DEPLOYMENT_TARGET = "9.0";
            WATCHOS_DEPLOYMENT_TARGET = "2.0";
         };
         name = "Debug";
      };
      "OBJ_159" = {
         isa = "XCBuildConfiguration";
         buildSettings = {
            ENABLE_TESTABILITY = "YES";
            FRAMEWORK_SEARCH_PATHS = (
               "$(inherited)",
               "$(PLATFORM_DIR)/Developer/Library/Frameworks"
            );
            HEADER_SEARCH_PATHS = (
               "$(inherited)"
            );
            INFOPLIST_FILE = "Accounting.xcodeproj/Mockingbird_Info.plist";
            IPHONEOS_DEPLOYMENT_TARGET = "8.0";
            LD_RUNPATH_SEARCH_PATHS = (
               "$(inherited)",
               "$(TOOLCHAIN_DIR)/usr/lib/swift/macosx"
            );
            MACOSX_DEPLOYMENT_TARGET = "10.10";
            OTHER_CFLAGS = (
               "$(inherited)"
            );
            OTHER_LDFLAGS = (
               "$(inherited)",
               "-framework",
               "XCTest"
            );
            OTHER_SWIFT_FLAGS = (
               "$(inherited)"
            );
            PRODUCT_BUNDLE_IDENTIFIER = "Mockingbird";
            PRODUCT_MODULE_NAME = "$(TARGET_NAME:c99extidentifier)";
            PRODUCT_NAME = "$(TARGET_NAME:c99extidentifier)";
            SKIP_INSTALL = "YES";
            SWIFT_ACTIVE_COMPILATION_CONDITIONS = (
               "$(inherited)"
            );
            SWIFT_VERSION = "5.0";
            TARGET_NAME = "Mockingbird";
            TVOS_DEPLOYMENT_TARGET = "9.0";
            WATCHOS_DEPLOYMENT_TARGET = "2.0";
         };
         name = "Release";
      };
      "OBJ_16" = {
         isa = "PBXFileReference";
         path = "Entry.swift";
         sourceTree = "<group>";
      };
      "OBJ_160" = {
         isa = "PBXSourcesBuildPhase";
         files = (
            "OBJ_161",
            "OBJ_162",
            "OBJ_163",
            "OBJ_164",
            "OBJ_165",
            "OBJ_166",
            "OBJ_167",
            "OBJ_168",
            "OBJ_169",
            "OBJ_170",
            "OBJ_171",
            "OBJ_172",
            "OBJ_173",
            "OBJ_174",
            "OBJ_175",
            "OBJ_176",
            "OBJ_177",
            "OBJ_178",
            "OBJ_179"
         );
      };
      "OBJ_161" = {
         isa = "PBXBuildFile";
         fileRef = "OBJ_37";
      };
      "OBJ_162" = {
         isa = "PBXBuildFile";
         fileRef = "OBJ_38";
      };
      "OBJ_163" = {
         isa = "PBXBuildFile";
         fileRef = "OBJ_40";
      };
      "OBJ_164" = {
         isa = "PBXBuildFile";
         fileRef = "OBJ_41";
      };
      "OBJ_165" = {
         isa = "PBXBuildFile";
         fileRef = "OBJ_43";
      };
      "OBJ_166" = {
         isa = "PBXBuildFile";
         fileRef = "OBJ_44";
      };
      "OBJ_167" = {
         isa = "PBXBuildFile";
         fileRef = "OBJ_45";
      };
      "OBJ_168" = {
         isa = "PBXBuildFile";
         fileRef = "OBJ_47";
      };
      "OBJ_169" = {
         isa = "PBXBuildFile";
         fileRef = "OBJ_48";
      };
      "OBJ_17" = {
         isa = "PBXFileReference";
         path = "EntryType.swift";
         sourceTree = "<group>";
      };
      "OBJ_170" = {
         isa = "PBXBuildFile";
         fileRef = "OBJ_49";
      };
      "OBJ_171" = {
         isa = "PBXBuildFile";
         fileRef = "OBJ_51";
      };
      "OBJ_172" = {
         isa = "PBXBuildFile";
         fileRef = "OBJ_52";
      };
      "OBJ_173" = {
         isa = "PBXBuildFile";
         fileRef = "OBJ_53";
      };
      "OBJ_174" = {
         isa = "PBXBuildFile";
         fileRef = "OBJ_54";
      };
      "OBJ_175" = {
         isa = "PBXBuildFile";
         fileRef = "OBJ_55";
      };
      "OBJ_176" = {
         isa = "PBXBuildFile";
         fileRef = "OBJ_56";
      };
      "OBJ_177" = {
         isa = "PBXBuildFile";
         fileRef = "OBJ_58";
      };
      "OBJ_178" = {
         isa = "PBXBuildFile";
         fileRef = "OBJ_59";
      };
      "OBJ_179" = {
         isa = "PBXBuildFile";
         fileRef = "OBJ_60";
      };
      "OBJ_18" = {
         isa = "PBXFileReference";
         path = "Event.swift";
         sourceTree = "<group>";
      };
      "OBJ_180" = {
         isa = "PBXFrameworksBuildPhase";
         files = (
         );
      };
      "OBJ_182" = {
         isa = "XCConfigurationList";
         buildConfigurations = (
            "OBJ_183",
            "OBJ_184"
         );
         defaultConfigurationIsVisible = "0";
         defaultConfigurationName = "Release";
      };
      "OBJ_183" = {
         isa = "XCBuildConfiguration";
         buildSettings = {
            LD = "/usr/bin/true";
            OTHER_SWIFT_FLAGS = (
               "-swift-version",
               "5",
               "-I",
               "$(TOOLCHAIN_DIR)/usr/lib/swift/pm/4_2",
               "-target",
               "x86_64-apple-macosx10.10",
               "-sdk",
               "/Applications/Xcode.app/Contents/Developer/Platforms/MacOSX.platform/Developer/SDKs/MacOSX10.15.sdk",
               "-package-description-version",
               "5"
            );
            SWIFT_VERSION = "5.0";
         };
         name = "Debug";
      };
      "OBJ_184" = {
         isa = "XCBuildConfiguration";
         buildSettings = {
            LD = "/usr/bin/true";
            OTHER_SWIFT_FLAGS = (
               "-swift-version",
               "5",
               "-I",
               "$(TOOLCHAIN_DIR)/usr/lib/swift/pm/4_2",
               "-target",
               "x86_64-apple-macosx10.10",
               "-sdk",
               "/Applications/Xcode.app/Contents/Developer/Platforms/MacOSX.platform/Developer/SDKs/MacOSX10.15.sdk",
               "-package-description-version",
               "5"
            );
            SWIFT_VERSION = "5.0";
         };
         name = "Release";
      };
      "OBJ_185" = {
         isa = "PBXSourcesBuildPhase";
         files = (
            "OBJ_186"
         );
      };
      "OBJ_186" = {
         isa = "PBXBuildFile";
         fileRef = "OBJ_66";
      };
      "OBJ_187" = {
         isa = "XCConfigurationList";
         buildConfigurations = (
            "OBJ_188",
            "OBJ_189"
         );
         defaultConfigurationIsVisible = "0";
         defaultConfigurationName = "Release";
      };
      "OBJ_188" = {
         isa = "XCBuildConfiguration";
         buildSettings = {
            ENABLE_TESTABILITY = "YES";
            FRAMEWORK_SEARCH_PATHS = (
               "$(inherited)",
               "$(PLATFORM_DIR)/Developer/Library/Frameworks"
            );
            HEADER_SEARCH_PATHS = (
               "$(inherited)"
            );
            INFOPLIST_FILE = "Accounting.xcodeproj/SwiftAlgorithmClub_Info.plist";
            IPHONEOS_DEPLOYMENT_TARGET = "8.0";
            LD_RUNPATH_SEARCH_PATHS = (
               "$(inherited)",
               "$(TOOLCHAIN_DIR)/usr/lib/swift/macosx"
            );
            MACOSX_DEPLOYMENT_TARGET = "10.10";
            OTHER_CFLAGS = (
               "$(inherited)"
            );
            OTHER_LDFLAGS = (
               "$(inherited)"
            );
            OTHER_SWIFT_FLAGS = (
               "$(inherited)"
            );
            PRODUCT_BUNDLE_IDENTIFIER = "SwiftAlgorithmClub";
            PRODUCT_MODULE_NAME = "$(TARGET_NAME:c99extidentifier)";
            PRODUCT_NAME = "$(TARGET_NAME:c99extidentifier)";
            SKIP_INSTALL = "YES";
            SWIFT_ACTIVE_COMPILATION_CONDITIONS = (
               "$(inherited)"
            );
            SWIFT_VERSION = "5.0";
            TARGET_NAME = "SwiftAlgorithmClub";
            TVOS_DEPLOYMENT_TARGET = "9.0";
            WATCHOS_DEPLOYMENT_TARGET = "2.0";
         };
         name = "Debug";
      };
      "OBJ_189" = {
         isa = "XCBuildConfiguration";
         buildSettings = {
            ENABLE_TESTABILITY = "YES";
            FRAMEWORK_SEARCH_PATHS = (
               "$(inherited)",
               "$(PLATFORM_DIR)/Developer/Library/Frameworks"
            );
            HEADER_SEARCH_PATHS = (
               "$(inherited)"
            );
            INFOPLIST_FILE = "Accounting.xcodeproj/SwiftAlgorithmClub_Info.plist";
            IPHONEOS_DEPLOYMENT_TARGET = "8.0";
            LD_RUNPATH_SEARCH_PATHS = (
               "$(inherited)",
               "$(TOOLCHAIN_DIR)/usr/lib/swift/macosx"
            );
            MACOSX_DEPLOYMENT_TARGET = "10.10";
            OTHER_CFLAGS = (
               "$(inherited)"
            );
            OTHER_LDFLAGS = (
               "$(inherited)"
            );
            OTHER_SWIFT_FLAGS = (
               "$(inherited)"
            );
            PRODUCT_BUNDLE_IDENTIFIER = "SwiftAlgorithmClub";
            PRODUCT_MODULE_NAME = "$(TARGET_NAME:c99extidentifier)";
            PRODUCT_NAME = "$(TARGET_NAME:c99extidentifier)";
            SKIP_INSTALL = "YES";
            SWIFT_ACTIVE_COMPILATION_CONDITIONS = (
               "$(inherited)"
            );
            SWIFT_VERSION = "5.0";
            TARGET_NAME = "SwiftAlgorithmClub";
            TVOS_DEPLOYMENT_TARGET = "9.0";
            WATCHOS_DEPLOYMENT_TARGET = "2.0";
         };
         name = "Release";
      };
      "OBJ_19" = {
         isa = "PBXFileReference";
         path = "EventType.swift";
         sourceTree = "<group>";
      };
      "OBJ_190" = {
         isa = "PBXSourcesBuildPhase";
         files = (
            "OBJ_191",
            "OBJ_192"
         );
      };
      "OBJ_191" = {
         isa = "PBXBuildFile";
         fileRef = "OBJ_73";
      };
      "OBJ_192" = {
         isa = "PBXBuildFile";
         fileRef = "OBJ_74";
      };
      "OBJ_193" = {
         isa = "PBXFrameworksBuildPhase";
         files = (
         );
      };
      "OBJ_195" = {
         isa = "XCConfigurationList";
         buildConfigurations = (
            "OBJ_196",
            "OBJ_197"
         );
         defaultConfigurationIsVisible = "0";
         defaultConfigurationName = "Release";
      };
      "OBJ_196" = {
         isa = "XCBuildConfiguration";
         buildSettings = {
            LD = "/usr/bin/true";
            OTHER_SWIFT_FLAGS = (
               "-swift-version",
               "5",
               "-I",
               "$(TOOLCHAIN_DIR)/usr/lib/swift/pm/4_2",
               "-target",
               "x86_64-apple-macosx10.10",
               "-sdk",
               "/Applications/Xcode.app/Contents/Developer/Platforms/MacOSX.platform/Developer/SDKs/MacOSX10.15.sdk",
               "-package-description-version",
               "5.1"
            );
            SWIFT_VERSION = "5.0";
         };
         name = "Debug";
      };
      "OBJ_197" = {
         isa = "XCBuildConfiguration";
         buildSettings = {
            LD = "/usr/bin/true";
            OTHER_SWIFT_FLAGS = (
               "-swift-version",
               "5",
               "-I",
               "$(TOOLCHAIN_DIR)/usr/lib/swift/pm/4_2",
               "-target",
               "x86_64-apple-macosx10.10",
               "-sdk",
               "/Applications/Xcode.app/Contents/Developer/Platforms/MacOSX.platform/Developer/SDKs/MacOSX10.15.sdk",
               "-package-description-version",
               "5.1"
            );
            SWIFT_VERSION = "5.0";
         };
         name = "Release";
      };
      "OBJ_198" = {
         isa = "PBXSourcesBuildPhase";
         files = (
            "OBJ_199"
         );
      };
      "OBJ_199" = {
         isa = "PBXBuildFile";
         fileRef = "OBJ_75";
      };
      "OBJ_2" = {
         isa = "XCConfigurationList";
         buildConfigurations = (
            "OBJ_3",
            "OBJ_4"
         );
         defaultConfigurationIsVisible = "0";
         defaultConfigurationName = "Release";
      };
      "OBJ_20" = {
         isa = "PBXFileReference";
         path = "Money.swift";
         sourceTree = "<group>";
      };
      "OBJ_21" = {
         isa = "PBXFileReference";
         path = "MoneyEvent.swift";
         sourceTree = "<group>";
      };
      "OBJ_22" = {
         isa = "PBXFileReference";
         path = "NamedObject.swift";
         sourceTree = "<group>";
      };
      "OBJ_23" = {
         isa = "PBXFileReference";
         path = "OtherParty.swift";
         sourceTree = "<group>";
      };
      "OBJ_24" = {
         isa = "PBXFileReference";
         path = "PostingRule.swift";
         sourceTree = "<group>";
      };
      "OBJ_25" = {
         isa = "PBXFileReference";
         path = "ServiceAgreement.swift";
         sourceTree = "<group>";
      };
      "OBJ_26" = {
         isa = "PBXFileReference";
         path = "SortOrderType.swift";
         sourceTree = "<group>";
      };
      "OBJ_27" = {
         isa = "PBXFileReference";
         path = "TemporalCollection.swift";
         sourceTree = "<group>";
      };
      "OBJ_28" = {
         isa = "PBXGroup";
         children = (
            "OBJ_29"
         );
         name = "Tests";
         path = "";
         sourceTree = "SOURCE_ROOT";
      };
      "OBJ_29" = {
         isa = "PBXGroup";
         children = (
            "OBJ_30",
            "OBJ_31",
            "OBJ_32"
         );
         name = "AccountingTests";
         path = "Tests/AccountingTests";
         sourceTree = "SOURCE_ROOT";
      };
      "OBJ_3" = {
         isa = "XCBuildConfiguration";
         buildSettings = {
            CLANG_ENABLE_OBJC_ARC = "YES";
            COMBINE_HIDPI_IMAGES = "YES";
            COPY_PHASE_STRIP = "NO";
            DEBUG_INFORMATION_FORMAT = "dwarf";
            DYLIB_INSTALL_NAME_BASE = "@rpath";
            ENABLE_NS_ASSERTIONS = "YES";
            GCC_OPTIMIZATION_LEVEL = "0";
            GCC_PREPROCESSOR_DEFINITIONS = (
               "$(inherited)",
               "SWIFT_PACKAGE=1",
               "DEBUG=1"
            );
            MACOSX_DEPLOYMENT_TARGET = "10.10";
            ONLY_ACTIVE_ARCH = "YES";
            OTHER_SWIFT_FLAGS = (
               "$(inherited)",
               "-DXcode"
            );
            PRODUCT_NAME = "$(TARGET_NAME)";
            SDKROOT = "macosx";
            SUPPORTED_PLATFORMS = (
               "macosx",
               "iphoneos",
               "iphonesimulator",
               "appletvos",
               "appletvsimulator",
               "watchos",
               "watchsimulator"
            );
            SWIFT_ACTIVE_COMPILATION_CONDITIONS = (
               "$(inherited)",
               "SWIFT_PACKAGE",
               "DEBUG"
            );
            SWIFT_OPTIMIZATION_LEVEL = "-Onone";
            USE_HEADERMAP = "NO";
         };
         name = "Debug";
      };
      "OBJ_30" = {
         isa = "PBXFileReference";
         path = "AccountingTests.swift";
         sourceTree = "<group>";
      };
      "OBJ_31" = {
         isa = "PBXFileReference";
         path = "ChartOfAccountsTest.swift";
         sourceTree = "<group>";
      };
      "OBJ_32" = {
         isa = "PBXFileReference";
         path = "PostingRulesTests.swift";
         sourceTree = "<group>";
      };
      "OBJ_33" = {
         isa = "PBXGroup";
         children = (
            "OBJ_34",
            "OBJ_67",
            "OBJ_71"
         );
         name = "Dependencies";
         path = "";
         sourceTree = "<group>";
      };
      "OBJ_34" = {
         isa = "PBXGroup";
         children = (
            "OBJ_35",
            "OBJ_61",
            "OBJ_62",
            "OBJ_63",
            "OBJ_64",
            "OBJ_65",
            "OBJ_66"
         );
         name = "Mockingbird 0.10.0";
         path = "";
         sourceTree = "SOURCE_ROOT";
      };
      "OBJ_35" = {
         isa = "PBXGroup";
         children = (
            "OBJ_36",
            "OBJ_39",
            "OBJ_42",
            "OBJ_45",
            "OBJ_46",
            "OBJ_50",
            "OBJ_57"
         );
         name = "Mockingbird";
         path = ".build/checkouts/mockingbird/MockingbirdFramework";
         sourceTree = "SOURCE_ROOT";
      };
      "OBJ_36" = {
         isa = "PBXGroup";
         children = (
            "OBJ_37",
            "OBJ_38"
         );
         name = "DSL";
         path = "DSL";
         sourceTree = "<group>";
      };
      "OBJ_37" = {
         isa = "PBXFileReference";
         path = "ArgumentCaptor.swift";
         sourceTree = "<group>";
      };
      "OBJ_38" = {
         isa = "PBXFileReference";
         path = "TypeFacade.swift";
         sourceTree = "<group>";
      };
      "OBJ_39" = {
         isa = "PBXGroup";
         children = (
            "OBJ_40",
            "OBJ_41"
         );
         name = "Matching";
         path = "Matching";
         sourceTree = "<group>";
      };
      "OBJ_4" = {
         isa = "XCBuildConfiguration";
         buildSettings = {
            CLANG_ENABLE_OBJC_ARC = "YES";
            COMBINE_HIDPI_IMAGES = "YES";
            COPY_PHASE_STRIP = "YES";
            DEBUG_INFORMATION_FORMAT = "dwarf-with-dsym";
            DYLIB_INSTALL_NAME_BASE = "@rpath";
            GCC_OPTIMIZATION_LEVEL = "s";
            GCC_PREPROCESSOR_DEFINITIONS = (
               "$(inherited)",
               "SWIFT_PACKAGE=1"
            );
            MACOSX_DEPLOYMENT_TARGET = "10.10";
            OTHER_SWIFT_FLAGS = (
               "$(inherited)",
               "-DXcode"
            );
            PRODUCT_NAME = "$(TARGET_NAME)";
            SDKROOT = "macosx";
            SUPPORTED_PLATFORMS = (
               "macosx",
               "iphoneos",
               "iphonesimulator",
               "appletvos",
               "appletvsimulator",
               "watchos",
               "watchsimulator"
            );
            SWIFT_ACTIVE_COMPILATION_CONDITIONS = (
               "$(inherited)",
               "SWIFT_PACKAGE"
            );
            SWIFT_OPTIMIZATION_LEVEL = "-Owholemodule";
            USE_HEADERMAP = "NO";
         };
         name = "Release";
      };
      "OBJ_40" = {
         isa = "PBXFileReference";
         path = "ArgumentMatcher.swift";
         sourceTree = "<group>";
      };
      "OBJ_41" = {
         isa = "PBXFileReference";
         path = "CountMatcher.swift";
         sourceTree = "<group>";
      };
      "OBJ_42" = {
         isa = "PBXGroup";
         children = (
            "OBJ_43",
            "OBJ_44"
         );
         name = "Mocking";
         path = "Mocking";
         sourceTree = "<group>";
      };
      "OBJ_43" = {
         isa = "PBXFileReference";
         path = "Mock.swift";
         sourceTree = "<group>";
      };
      "OBJ_44" = {
         isa = "PBXFileReference";
         path = "MockingContext.swift";
         sourceTree = "<group>";
      };
      "OBJ_45" = {
         isa = "PBXFileReference";
         path = "Mockingbird.swift";
         sourceTree = "<group>";
      };
      "OBJ_46" = {
         isa = "PBXGroup";
         children = (
            "OBJ_47",
            "OBJ_48",
            "OBJ_49"
         );
         name = "Stubbing";
         path = "Stubbing";
         sourceTree = "<group>";
      };
      "OBJ_47" = {
         isa = "PBXFileReference";
         path = "Stubbing.swift";
         sourceTree = "<group>";
      };
      "OBJ_48" = {
         isa = "PBXFileReference";
         path = "StubbingContext.swift";
         sourceTree = "<group>";
      };
      "OBJ_49" = {
         isa = "PBXFileReference";
         path = "TestKiller.swift";
         sourceTree = "<group>";
      };
      "OBJ_5" = {
         isa = "PBXGroup";
         children = (
            "OBJ_6",
            "OBJ_7",
            "OBJ_28",
            "OBJ_33",
            "OBJ_76",
            "OBJ_82",
            "OBJ_83"
         );
         path = "";
         sourceTree = "<group>";
      };
      "OBJ_50" = {
         isa = "PBXGroup";
         children = (
            "OBJ_51",
            "OBJ_52",
            "OBJ_53",
            "OBJ_54",
            "OBJ_55",
            "OBJ_56"
         );
         name = "Utilities";
         path = "Utilities";
         sourceTree = "<group>";
      };
      "OBJ_51" = {
         isa = "PBXFileReference";
         path = "Array+Extensions.swift";
         sourceTree = "<group>";
      };
      "OBJ_52" = {
         isa = "PBXFileReference";
         path = "DateFormatter+Extensions.swift";
         sourceTree = "<group>";
      };
      "OBJ_53" = {
         isa = "PBXFileReference";
         path = "String+Extensions.swift";
         sourceTree = "<group>";
      };
      "OBJ_54" = {
         isa = "PBXFileReference";
         path = "Synchronized.swift";
         sourceTree = "<group>";
      };
      "OBJ_55" = {
         isa = "PBXFileReference";
         path = "Version.swift";
         sourceTree = "<group>";
      };
      "OBJ_56" = {
         isa = "PBXFileReference";
         path = "VersionControl.swift";
         sourceTree = "<group>";
      };
      "OBJ_57" = {
         isa = "PBXGroup";
         children = (
            "OBJ_58",
            "OBJ_59",
            "OBJ_60"
         );
         name = "Verification";
         path = "Verification";
         sourceTree = "<group>";
      };
      "OBJ_58" = {
         isa = "PBXFileReference";
         path = "Invocation.swift";
         sourceTree = "<group>";
      };
      "OBJ_59" = {
         isa = "PBXFileReference";
         path = "TestFailure.swift";
         sourceTree = "<group>";
      };
      "OBJ_6" = {
         isa = "PBXFileReference";
         explicitFileType = "sourcecode.swift";
         path = "Package.swift";
         sourceTree = "<group>";
      };
      "OBJ_60" = {
         isa = "PBXFileReference";
         path = "Verification.swift";
         sourceTree = "<group>";
      };
      "OBJ_61" = {
         isa = "PBXGroup";
         children = (
         );
         name = "MockingbirdCli";
         path = ".build/checkouts/mockingbird/MockingbirdCli";
         sourceTree = "SOURCE_ROOT";
      };
      "OBJ_62" = {
         isa = "PBXGroup";
         children = (
         );
         name = "MockingbirdGenerator";
         path = ".build/checkouts/mockingbird/MockingbirdGenerator";
         sourceTree = "SOURCE_ROOT";
      };
      "OBJ_63" = {
         isa = "PBXGroup";
         children = (
         );
         name = "MockingbirdModuleTestsHost";
         path = ".build/checkouts/mockingbird/MockingbirdTestsHost/Module";
         sourceTree = "SOURCE_ROOT";
      };
      "OBJ_64" = {
         isa = "PBXGroup";
         children = (
         );
         name = "MockingbirdPerformanceTestsHost";
         path = ".build/checkouts/mockingbird/MockingbirdTestsHost/Performance";
         sourceTree = "SOURCE_ROOT";
      };
      "OBJ_65" = {
         isa = "PBXGroup";
         children = (
         );
         name = "MockingbirdTestsHost";
         path = ".build/checkouts/mockingbird/MockingbirdTestsHost";
         sourceTree = "SOURCE_ROOT";
      };
      "OBJ_66" = {
         isa = "PBXFileReference";
         explicitFileType = "sourcecode.swift";
         name = "Package.swift";
         path = "/Users/pete/Documents/sophrosyne/src/accounting-pattern/Accounting/.build/checkouts/mockingbird/Package.swift";
         sourceTree = "<group>";
      };
      "OBJ_67" = {
         isa = "PBXGroup";
         children = (
            "OBJ_68",
            "OBJ_70"
         );
         name = "DataStructures";
         path = "";
         sourceTree = "SOURCE_ROOT";
      };
      "OBJ_68" = {
         isa = "PBXGroup";
         children = (
            "OBJ_69"
         );
         name = "DataStructures";
         path = "../../DataStructures/Sources/DataStructures";
         sourceTree = "SOURCE_ROOT";
      };
      "OBJ_69" = {
         isa = "PBXFileReference";
         path = "OrderedDictionary.swift";
         sourceTree = "<group>";
      };
      "OBJ_7" = {
         isa = "PBXGroup";
         children = (
            "OBJ_8"
         );
         name = "Sources";
         path = "";
         sourceTree = "SOURCE_ROOT";
      };
      "OBJ_70" = {
         isa = "PBXFileReference";
         explicitFileType = "sourcecode.swift";
         name = "Package.swift";
         path = "/Users/pete/Documents/sophrosyne/src/DataStructures/Package.swift";
         sourceTree = "<group>";
      };
      "OBJ_71" = {
         isa = "PBXGroup";
         children = (
            "OBJ_72",
            "OBJ_75"
         );
         name = "SwiftAlgorithmClub";
         path = "";
         sourceTree = "SOURCE_ROOT";
      };
      "OBJ_72" = {
         isa = "PBXGroup";
         children = (
            "OBJ_73",
            "OBJ_74"
         );
         name = "SwiftAlgorithmClub";
         path = "../../SwiftAlgorithmClub/Sources/SwiftAlgorithmClub";
         sourceTree = "SOURCE_ROOT";
      };
      "OBJ_73" = {
         isa = "PBXFileReference";
         path = "OrderedArray.swift";
         sourceTree = "<group>";
      };
      "OBJ_74" = {
         isa = "PBXFileReference";
         path = "RedBlackTree.swift";
         sourceTree = "<group>";
      };
      "OBJ_75" = {
         isa = "PBXFileReference";
         explicitFileType = "sourcecode.swift";
         name = "Package.swift";
         path = "/Users/pete/Documents/sophrosyne/src/SwiftAlgorithmClub/Package.swift";
         sourceTree = "<group>";
      };
      "OBJ_76" = {
         isa = "PBXGroup";
         children = (
            "Accounting::Accounting::Product",
            "Accounting::AccountingTests::Product",
            "Mockingbird::Mockingbird::Product",
            "SwiftAlgorithmClub::SwiftAlgorithmClub::Product",
            "DataStructures::DataStructures::Product"
         );
         name = "Products";
         path = "";
         sourceTree = "BUILT_PRODUCTS_DIR";
      };
      "OBJ_8" = {
         isa = "PBXGroup";
         children = (
            "OBJ_9",
            "OBJ_10",
            "OBJ_11",
            "OBJ_12",
            "OBJ_13",
            "OBJ_14",
            "OBJ_15",
            "OBJ_16",
            "OBJ_17",
            "OBJ_18",
            "OBJ_19",
            "OBJ_20",
            "OBJ_21",
            "OBJ_22",
            "OBJ_23",
            "OBJ_24",
            "OBJ_25",
            "OBJ_26",
            "OBJ_27"
         );
         name = "Accounting";
         path = "Sources/Accounting";
         sourceTree = "SOURCE_ROOT";
      };
      "OBJ_82" = {
         isa = "PBXFileReference";
         path = "Makefile";
         sourceTree = "<group>";
      };
      "OBJ_83" = {
         isa = "PBXFileReference";
         path = "README.md";
         sourceTree = "<group>";
      };
      "OBJ_85" = {
         isa = "XCConfigurationList";
         buildConfigurations = (
            "OBJ_86",
            "OBJ_87"
         );
         defaultConfigurationIsVisible = "0";
         defaultConfigurationName = "Release";
      };
      "OBJ_86" = {
         isa = "XCBuildConfiguration";
         buildSettings = {
            ENABLE_TESTABILITY = "YES";
            FRAMEWORK_SEARCH_PATHS = (
               "$(inherited)",
               "$(PLATFORM_DIR)/Developer/Library/Frameworks"
            );
            HEADER_SEARCH_PATHS = (
               "$(inherited)"
            );
            INFOPLIST_FILE = "Accounting.xcodeproj/Accounting_Info.plist";
            IPHONEOS_DEPLOYMENT_TARGET = "8.0";
            LD_RUNPATH_SEARCH_PATHS = (
               "$(inherited)",
               "$(TOOLCHAIN_DIR)/usr/lib/swift/macosx"
            );
            MACOSX_DEPLOYMENT_TARGET = "10.10";
            OTHER_CFLAGS = (
               "$(inherited)"
            );
            OTHER_LDFLAGS = (
               "$(inherited)"
            );
            OTHER_SWIFT_FLAGS = (
               "$(inherited)"
            );
            PRODUCT_BUNDLE_IDENTIFIER = "Accounting";
            PRODUCT_MODULE_NAME = "$(TARGET_NAME:c99extidentifier)";
            PRODUCT_NAME = "$(TARGET_NAME:c99extidentifier)";
            SKIP_INSTALL = "YES";
            SWIFT_ACTIVE_COMPILATION_CONDITIONS = (
               "$(inherited)"
            );
            SWIFT_VERSION = "5.0";
            TARGET_NAME = "Accounting";
            TVOS_DEPLOYMENT_TARGET = "9.0";
            WATCHOS_DEPLOYMENT_TARGET = "2.0";
         };
         name = "Debug";
      };
      "OBJ_87" = {
         isa = "XCBuildConfiguration";
         buildSettings = {
            ENABLE_TESTABILITY = "YES";
            FRAMEWORK_SEARCH_PATHS = (
               "$(inherited)",
               "$(PLATFORM_DIR)/Developer/Library/Frameworks"
            );
            HEADER_SEARCH_PATHS = (
               "$(inherited)"
            );
            INFOPLIST_FILE = "Accounting.xcodeproj/Accounting_Info.plist";
            IPHONEOS_DEPLOYMENT_TARGET = "8.0";
            LD_RUNPATH_SEARCH_PATHS = (
               "$(inherited)",
               "$(TOOLCHAIN_DIR)/usr/lib/swift/macosx"
            );
            MACOSX_DEPLOYMENT_TARGET = "10.10";
            OTHER_CFLAGS = (
               "$(inherited)"
            );
            OTHER_LDFLAGS = (
               "$(inherited)"
            );
            OTHER_SWIFT_FLAGS = (
               "$(inherited)"
            );
            PRODUCT_BUNDLE_IDENTIFIER = "Accounting";
            PRODUCT_MODULE_NAME = "$(TARGET_NAME:c99extidentifier)";
            PRODUCT_NAME = "$(TARGET_NAME:c99extidentifier)";
            SKIP_INSTALL = "YES";
            SWIFT_ACTIVE_COMPILATION_CONDITIONS = (
               "$(inherited)"
            );
            SWIFT_VERSION = "5.0";
            TARGET_NAME = "Accounting";
            TVOS_DEPLOYMENT_TARGET = "9.0";
            WATCHOS_DEPLOYMENT_TARGET = "2.0";
         };
         name = "Release";
      };
      "OBJ_88" = {
         isa = "PBXSourcesBuildPhase";
         files = (
            "OBJ_89",
            "OBJ_90",
            "OBJ_91",
            "OBJ_92",
            "OBJ_93",
            "OBJ_94",
            "OBJ_95",
            "OBJ_96",
            "OBJ_97",
            "OBJ_98",
            "OBJ_99",
            "OBJ_100",
            "OBJ_101",
            "OBJ_102",
            "OBJ_103",
            "OBJ_104",
            "OBJ_105",
            "OBJ_106"
         );
      };
      "OBJ_89" = {
         isa = "PBXBuildFile";
         fileRef = "OBJ_10";
      };
      "OBJ_9" = {
         isa = "PBXFileReference";
         path = "CurrencyType.swift.gyb";
         sourceTree = "<group>";
      };
      "OBJ_90" = {
         isa = "PBXBuildFile";
         fileRef = "OBJ_11";
      };
      "OBJ_91" = {
         isa = "PBXBuildFile";
         fileRef = "OBJ_12";
      };
      "OBJ_92" = {
         isa = "PBXBuildFile";
         fileRef = "OBJ_13";
      };
      "OBJ_93" = {
         isa = "PBXBuildFile";
         fileRef = "OBJ_14";
      };
      "OBJ_94" = {
         isa = "PBXBuildFile";
         fileRef = "OBJ_15";
      };
      "OBJ_95" = {
         isa = "PBXBuildFile";
         fileRef = "OBJ_16";
      };
      "OBJ_96" = {
         isa = "PBXBuildFile";
         fileRef = "OBJ_17";
      };
      "OBJ_97" = {
         isa = "PBXBuildFile";
         fileRef = "OBJ_18";
      };
      "OBJ_98" = {
         isa = "PBXBuildFile";
         fileRef = "OBJ_19";
      };
      "OBJ_99" = {
         isa = "PBXBuildFile";
         fileRef = "OBJ_20";
      };
      "SwiftAlgorithmClub::SwiftAlgorithmClub" = {
         isa = "PBXNativeTarget";
         buildConfigurationList = "OBJ_187";
         buildPhases = (
            "OBJ_190",
            "OBJ_193"
         );
         dependencies = (
         );
         name = "SwiftAlgorithmClub";
         productName = "SwiftAlgorithmClub";
         productReference = "SwiftAlgorithmClub::SwiftAlgorithmClub::Product";
         productType = "com.apple.product-type.framework";
      };
      "SwiftAlgorithmClub::SwiftAlgorithmClub::Product" = {
         isa = "PBXFileReference";
         path = "SwiftAlgorithmClub.framework";
         sourceTree = "BUILT_PRODUCTS_DIR";
      };
      "SwiftAlgorithmClub::SwiftPMPackageDescription" = {
         isa = "PBXNativeTarget";
         buildConfigurationList = "OBJ_195";
         buildPhases = (
            "OBJ_198"
         );
         dependencies = (
         );
         name = "SwiftAlgorithmClubPackageDescription";
         productName = "SwiftAlgorithmClubPackageDescription";
         productType = "com.apple.product-type.framework";
      };
   };
   rootObject = "OBJ_1";
}
