// !$*UTF8*$!
{
	archiveVersion = 1;
	classes = {
	};
	objectVersion = 46;
	objects = {

/* Begin PBXAggregateTarget section */
		"Accounting::AccountingPackageTests::ProductTarget" /* AccountingPackageTests */ = {
			isa = PBXAggregateTarget;
			buildConfigurationList = OBJ_121 /* Build configuration list for PBXAggregateTarget "AccountingPackageTests" */;
			buildPhases = (
			);
			dependencies = (
				OBJ_124 /* PBXTargetDependency */,
			);
			name = AccountingPackageTests;
			productName = AccountingPackageTests;
		};
/* End PBXAggregateTarget section */

/* Begin PBXBuildFile section */
		1B88494BD983AA668AEC73E8 /* AccountingMocks.generated.swift in Sources */ = {isa = PBXBuildFile; fileRef = CA4644AF9D60B540CD2881E2 /* AccountingMocks.generated.swift */; };
		C10C1EDA241C7EBD00BF4B49 /* Hashable.swift in Sources */ = {isa = PBXBuildFile; fileRef = C10C1ECC241C7EBD00BF4B49 /* Hashable.swift */; };
		C10C1EDB241C7EBD00BF4B49 /* Comparable.swift in Sources */ = {isa = PBXBuildFile; fileRef = C10C1ECD241C7EBD00BF4B49 /* Comparable.swift */; };
		C10C1EDC241C7EBD00BF4B49 /* Misc.swift in Sources */ = {isa = PBXBuildFile; fileRef = C10C1ECE241C7EBD00BF4B49 /* Misc.swift */; };
		C10C1EDD241C7EBD00BF4B49 /* Codable.swift in Sources */ = {isa = PBXBuildFile; fileRef = C10C1ECF241C7EBD00BF4B49 /* Codable.swift */; };
		C10C1EDE241C7EBD00BF4B49 /* Equatable.swift in Sources */ = {isa = PBXBuildFile; fileRef = C10C1ED0241C7EBD00BF4B49 /* Equatable.swift */; };
		C10C1EE3241D110A00BF4B49 /* PostToSingleAccountEvent.swift in Sources */ = {isa = PBXBuildFile; fileRef = C10C1EE2241D110A00BF4B49 /* PostToSingleAccountEvent.swift */; };
		C10C1EE4241D111B00BF4B49 /* PostToSingleAccountEvent.swift in Sources */ = {isa = PBXBuildFile; fileRef = C10C1EE2241D110A00BF4B49 /* PostToSingleAccountEvent.swift */; };
		C10C1EE6241E51BC00BF4B49 /* SingleAccountEntryPostingRule.swift in Sources */ = {isa = PBXBuildFile; fileRef = C10C1EE5241E51BC00BF4B49 /* SingleAccountEntryPostingRule.swift */; };
		C10C1EE7241E51BC00BF4B49 /* SingleAccountEntryPostingRule.swift in Sources */ = {isa = PBXBuildFile; fileRef = C10C1EE5241E51BC00BF4B49 /* SingleAccountEntryPostingRule.swift */; };
		OBJ_101 /* NamedObject.swift in Sources */ = {isa = PBXBuildFile; fileRef = OBJ_22 /* NamedObject.swift */; };
		OBJ_102 /* OtherParty.swift in Sources */ = {isa = PBXBuildFile; fileRef = OBJ_23 /* OtherParty.swift */; };
		OBJ_103 /* PostingRule.swift in Sources */ = {isa = PBXBuildFile; fileRef = OBJ_24 /* PostingRule.swift */; };
		OBJ_104 /* ServiceAgreement.swift in Sources */ = {isa = PBXBuildFile; fileRef = OBJ_25 /* ServiceAgreement.swift */; };
		OBJ_105 /* SortOrderType.swift in Sources */ = {isa = PBXBuildFile; fileRef = OBJ_26 /* SortOrderType.swift */; };
		OBJ_106 /* TemporalCollection.swift in Sources */ = {isa = PBXBuildFile; fileRef = OBJ_27 /* TemporalCollection.swift */; };
		OBJ_108 /* DataStructures.framework in Frameworks */ = {isa = PBXBuildFile; fileRef = "DataStructures::DataStructures::Product" /* DataStructures.framework */; };
		OBJ_109 /* SwiftAlgorithmClub.framework in Frameworks */ = {isa = PBXBuildFile; fileRef = "SwiftAlgorithmClub::SwiftAlgorithmClub::Product" /* SwiftAlgorithmClub.framework */; };
		OBJ_119 /* Package.swift in Sources */ = {isa = PBXBuildFile; fileRef = OBJ_6 /* Package.swift */; };
		OBJ_130 /* AccountingTests.swift in Sources */ = {isa = PBXBuildFile; fileRef = OBJ_30 /* AccountingTests.swift */; };
		OBJ_131 /* ChartOfAccountsTest.swift in Sources */ = {isa = PBXBuildFile; fileRef = OBJ_31 /* ChartOfAccountsTest.swift */; };
		OBJ_132 /* PostingRulesTests.swift in Sources */ = {isa = PBXBuildFile; fileRef = OBJ_32 /* PostingRulesTests.swift */; };
		OBJ_134 /* Mockingbird.framework in Frameworks */ = {isa = PBXBuildFile; fileRef = "Mockingbird::Mockingbird::Product" /* Mockingbird.framework */; };
		OBJ_135 /* Accounting.framework in Frameworks */ = {isa = PBXBuildFile; fileRef = "Accounting::Accounting::Product" /* Accounting.framework */; };
		OBJ_136 /* DataStructures.framework in Frameworks */ = {isa = PBXBuildFile; fileRef = "DataStructures::DataStructures::Product" /* DataStructures.framework */; };
		OBJ_137 /* SwiftAlgorithmClub.framework in Frameworks */ = {isa = PBXBuildFile; fileRef = "SwiftAlgorithmClub::SwiftAlgorithmClub::Product" /* SwiftAlgorithmClub.framework */; };
		OBJ_147 /* OrderedDictionary.swift in Sources */ = {isa = PBXBuildFile; fileRef = OBJ_69 /* OrderedDictionary.swift */; };
		OBJ_149 /* SwiftAlgorithmClub.framework in Frameworks */ = {isa = PBXBuildFile; fileRef = "SwiftAlgorithmClub::SwiftAlgorithmClub::Product" /* SwiftAlgorithmClub.framework */; };
		OBJ_156 /* Package.swift in Sources */ = {isa = PBXBuildFile; fileRef = OBJ_70 /* Package.swift */; };
		OBJ_161 /* ArgumentCaptor.swift in Sources */ = {isa = PBXBuildFile; fileRef = OBJ_37 /* ArgumentCaptor.swift */; };
		OBJ_162 /* TypeFacade.swift in Sources */ = {isa = PBXBuildFile; fileRef = OBJ_38 /* TypeFacade.swift */; };
		OBJ_163 /* ArgumentMatcher.swift in Sources */ = {isa = PBXBuildFile; fileRef = OBJ_40 /* ArgumentMatcher.swift */; };
		OBJ_164 /* CountMatcher.swift in Sources */ = {isa = PBXBuildFile; fileRef = OBJ_41 /* CountMatcher.swift */; };
		OBJ_165 /* Mock.swift in Sources */ = {isa = PBXBuildFile; fileRef = OBJ_43 /* Mock.swift */; };
		OBJ_166 /* MockingContext.swift in Sources */ = {isa = PBXBuildFile; fileRef = OBJ_44 /* MockingContext.swift */; };
		OBJ_167 /* Mockingbird.swift in Sources */ = {isa = PBXBuildFile; fileRef = OBJ_45 /* Mockingbird.swift */; };
		OBJ_168 /* Stubbing.swift in Sources */ = {isa = PBXBuildFile; fileRef = OBJ_47 /* Stubbing.swift */; };
		OBJ_169 /* StubbingContext.swift in Sources */ = {isa = PBXBuildFile; fileRef = OBJ_48 /* StubbingContext.swift */; };
		OBJ_170 /* TestKiller.swift in Sources */ = {isa = PBXBuildFile; fileRef = OBJ_49 /* TestKiller.swift */; };
		OBJ_171 /* Array+Extensions.swift in Sources */ = {isa = PBXBuildFile; fileRef = OBJ_51 /* Array+Extensions.swift */; };
		OBJ_172 /* DateFormatter+Extensions.swift in Sources */ = {isa = PBXBuildFile; fileRef = OBJ_52 /* DateFormatter+Extensions.swift */; };
		OBJ_173 /* String+Extensions.swift in Sources */ = {isa = PBXBuildFile; fileRef = OBJ_53 /* String+Extensions.swift */; };
		OBJ_174 /* Synchronized.swift in Sources */ = {isa = PBXBuildFile; fileRef = OBJ_54 /* Synchronized.swift */; };
		OBJ_175 /* Version.swift in Sources */ = {isa = PBXBuildFile; fileRef = OBJ_55 /* Version.swift */; };
		OBJ_176 /* VersionControl.swift in Sources */ = {isa = PBXBuildFile; fileRef = OBJ_56 /* VersionControl.swift */; };
		OBJ_177 /* Invocation.swift in Sources */ = {isa = PBXBuildFile; fileRef = OBJ_58 /* Invocation.swift */; };
		OBJ_178 /* TestFailure.swift in Sources */ = {isa = PBXBuildFile; fileRef = OBJ_59 /* TestFailure.swift */; };
		OBJ_179 /* Verification.swift in Sources */ = {isa = PBXBuildFile; fileRef = OBJ_60 /* Verification.swift */; };
		OBJ_186 /* Package.swift in Sources */ = {isa = PBXBuildFile; fileRef = OBJ_66 /* Package.swift */; };
		OBJ_191 /* OrderedArray.swift in Sources */ = {isa = PBXBuildFile; fileRef = OBJ_73 /* OrderedArray.swift */; };
		OBJ_192 /* RedBlackTree.swift in Sources */ = {isa = PBXBuildFile; fileRef = OBJ_74 /* RedBlackTree.swift */; };
		OBJ_199 /* Package.swift in Sources */ = {isa = PBXBuildFile; fileRef = OBJ_75 /* Package.swift */; };
		OBJ_89 /* Account.swift in Sources */ = {isa = PBXBuildFile; fileRef = OBJ_10 /* Account.swift */; };
		OBJ_90 /* AccountName.swift in Sources */ = {isa = PBXBuildFile; fileRef = OBJ_11 /* AccountName.swift */; };
		OBJ_91 /* AccountNumber.swift in Sources */ = {isa = PBXBuildFile; fileRef = OBJ_12 /* AccountNumber.swift */; };
		OBJ_92 /* AccountingEvent.swift in Sources */ = {isa = PBXBuildFile; fileRef = OBJ_13 /* AccountingEvent.swift */; };
		OBJ_93 /* ChartOfAccounts.swift in Sources */ = {isa = PBXBuildFile; fileRef = OBJ_14 /* ChartOfAccounts.swift */; };
		OBJ_94 /* CurrencyType.swift in Sources */ = {isa = PBXBuildFile; fileRef = OBJ_15 /* CurrencyType.swift */; };
		OBJ_95 /* Entry.swift in Sources */ = {isa = PBXBuildFile; fileRef = OBJ_16 /* Entry.swift */; };
		OBJ_96 /* EntryType.swift in Sources */ = {isa = PBXBuildFile; fileRef = OBJ_17 /* EntryType.swift */; };
		OBJ_97 /* Event.swift in Sources */ = {isa = PBXBuildFile; fileRef = OBJ_18 /* Event.swift */; };
		OBJ_98 /* EventType.swift in Sources */ = {isa = PBXBuildFile; fileRef = OBJ_19 /* EventType.swift */; };
		OBJ_99 /* Money.swift in Sources */ = {isa = PBXBuildFile; fileRef = OBJ_20 /* Money.swift */; };
/* End PBXBuildFile section */

/* Begin PBXContainerItemProxy section */
		C10C1E9A241C4D6C00BF4B49 /* PBXContainerItemProxy */ = {
			isa = PBXContainerItemProxy;
			containerPortal = OBJ_1 /* Project object */;
			proxyType = 1;
			remoteGlobalIDString = "DataStructures::DataStructures";
			remoteInfo = DataStructures;
		};
		C10C1E9B241C4D6C00BF4B49 /* PBXContainerItemProxy */ = {
			isa = PBXContainerItemProxy;
			containerPortal = OBJ_1 /* Project object */;
			proxyType = 1;
			remoteGlobalIDString = "SwiftAlgorithmClub::SwiftAlgorithmClub";
			remoteInfo = SwiftAlgorithmClub;
		};
		C10C1E9C241C4D6C00BF4B49 /* PBXContainerItemProxy */ = {
			isa = PBXContainerItemProxy;
			containerPortal = OBJ_1 /* Project object */;
			proxyType = 1;
			remoteGlobalIDString = "SwiftAlgorithmClub::SwiftAlgorithmClub";
			remoteInfo = SwiftAlgorithmClub;
		};
		C10C1E9D241C4D6D00BF4B49 /* PBXContainerItemProxy */ = {
			isa = PBXContainerItemProxy;
			containerPortal = OBJ_1 /* Project object */;
			proxyType = 1;
			remoteGlobalIDString = "Mockingbird::Mockingbird";
			remoteInfo = Mockingbird;
		};
		C10C1E9E241C4D6D00BF4B49 /* PBXContainerItemProxy */ = {
			isa = PBXContainerItemProxy;
			containerPortal = OBJ_1 /* Project object */;
			proxyType = 1;
			remoteGlobalIDString = "Accounting::Accounting";
			remoteInfo = Accounting;
		};
		C10C1E9F241C4D6D00BF4B49 /* PBXContainerItemProxy */ = {
			isa = PBXContainerItemProxy;
			containerPortal = OBJ_1 /* Project object */;
			proxyType = 1;
			remoteGlobalIDString = "DataStructures::DataStructures";
			remoteInfo = DataStructures;
		};
		C10C1EA0241C4D6D00BF4B49 /* PBXContainerItemProxy */ = {
			isa = PBXContainerItemProxy;
			containerPortal = OBJ_1 /* Project object */;
			proxyType = 1;
			remoteGlobalIDString = "SwiftAlgorithmClub::SwiftAlgorithmClub";
			remoteInfo = SwiftAlgorithmClub;
		};
		C10C1EA1241C4E4700BF4B49 /* PBXContainerItemProxy */ = {
			isa = PBXContainerItemProxy;
			containerPortal = OBJ_1 /* Project object */;
			proxyType = 1;
			remoteGlobalIDString = "Accounting::AccountingTests";
			remoteInfo = AccountingTests;
		};
/* End PBXContainerItemProxy section */

/* Begin PBXFileReference section */
		"Accounting::Accounting::Product" /* Accounting.framework */ = {isa = PBXFileReference; lastKnownFileType = wrapper.framework; path = Accounting.framework; sourceTree = BUILT_PRODUCTS_DIR; };
		"Accounting::AccountingTests::Product" /* AccountingTests.xctest */ = {isa = PBXFileReference; explicitFileType = wrapper.cfbundle; path = AccountingTests.xctest; sourceTree = BUILT_PRODUCTS_DIR; };
		C10C1ECC241C7EBD00BF4B49 /* Hashable.swift */ = {isa = PBXFileReference; fileEncoding = 4; lastKnownFileType = sourcecode.swift; path = Hashable.swift; sourceTree = "<group>"; };
		C10C1ECD241C7EBD00BF4B49 /* Comparable.swift */ = {isa = PBXFileReference; fileEncoding = 4; lastKnownFileType = sourcecode.swift; path = Comparable.swift; sourceTree = "<group>"; };
		C10C1ECE241C7EBD00BF4B49 /* Misc.swift */ = {isa = PBXFileReference; fileEncoding = 4; lastKnownFileType = sourcecode.swift; path = Misc.swift; sourceTree = "<group>"; };
		C10C1ECF241C7EBD00BF4B49 /* Codable.swift */ = {isa = PBXFileReference; fileEncoding = 4; lastKnownFileType = sourcecode.swift; path = Codable.swift; sourceTree = "<group>"; };
		C10C1ED0241C7EBD00BF4B49 /* Equatable.swift */ = {isa = PBXFileReference; fileEncoding = 4; lastKnownFileType = sourcecode.swift; path = Equatable.swift; sourceTree = "<group>"; };
		C10C1EE2241D110A00BF4B49 /* PostToSingleAccountEvent.swift */ = {isa = PBXFileReference; lastKnownFileType = sourcecode.swift; path = PostToSingleAccountEvent.swift; sourceTree = "<group>"; };
		C10C1EE5241E51BC00BF4B49 /* SingleAccountEntryPostingRule.swift */ = {isa = PBXFileReference; lastKnownFileType = sourcecode.swift; path = SingleAccountEntryPostingRule.swift; sourceTree = "<group>"; };
		CA4644AF9D60B540CD2881E2 /* AccountingMocks.generated.swift */ = {isa = PBXFileReference; explicitFileType = sourcecode.swift; name = AccountingMocks.generated.swift; path = MockingbirdMocks/AccountingMocks.generated.swift; sourceTree = "<group>"; };
		"DataStructures::DataStructures::Product" /* DataStructures.framework */ = {isa = PBXFileReference; lastKnownFileType = wrapper.framework; path = DataStructures.framework; sourceTree = BUILT_PRODUCTS_DIR; };
		"Mockingbird::Mockingbird::Product" /* Mockingbird.framework */ = {isa = PBXFileReference; lastKnownFileType = wrapper.framework; path = Mockingbird.framework; sourceTree = BUILT_PRODUCTS_DIR; };
		OBJ_10 /* Account.swift */ = {isa = PBXFileReference; lastKnownFileType = sourcecode.swift; path = Account.swift; sourceTree = "<group>"; };
		OBJ_11 /* AccountName.swift */ = {isa = PBXFileReference; lastKnownFileType = sourcecode.swift; path = AccountName.swift; sourceTree = "<group>"; };
		OBJ_12 /* AccountNumber.swift */ = {isa = PBXFileReference; lastKnownFileType = sourcecode.swift; path = AccountNumber.swift; sourceTree = "<group>"; };
		OBJ_13 /* AccountingEvent.swift */ = {isa = PBXFileReference; lastKnownFileType = sourcecode.swift; path = AccountingEvent.swift; sourceTree = "<group>"; };
		OBJ_14 /* ChartOfAccounts.swift */ = {isa = PBXFileReference; lastKnownFileType = sourcecode.swift; path = ChartOfAccounts.swift; sourceTree = "<group>"; };
		OBJ_15 /* CurrencyType.swift */ = {isa = PBXFileReference; lastKnownFileType = sourcecode.swift; path = CurrencyType.swift; sourceTree = "<group>"; };
		OBJ_16 /* Entry.swift */ = {isa = PBXFileReference; lastKnownFileType = sourcecode.swift; path = Entry.swift; sourceTree = "<group>"; };
		OBJ_17 /* EntryType.swift */ = {isa = PBXFileReference; lastKnownFileType = sourcecode.swift; path = EntryType.swift; sourceTree = "<group>"; };
		OBJ_18 /* Event.swift */ = {isa = PBXFileReference; lastKnownFileType = sourcecode.swift; path = Event.swift; sourceTree = "<group>"; };
		OBJ_19 /* EventType.swift */ = {isa = PBXFileReference; lastKnownFileType = sourcecode.swift; path = EventType.swift; sourceTree = "<group>"; };
		OBJ_20 /* Money.swift */ = {isa = PBXFileReference; lastKnownFileType = sourcecode.swift; path = Money.swift; sourceTree = "<group>"; };
		OBJ_22 /* NamedObject.swift */ = {isa = PBXFileReference; lastKnownFileType = sourcecode.swift; path = NamedObject.swift; sourceTree = "<group>"; };
		OBJ_23 /* OtherParty.swift */ = {isa = PBXFileReference; lastKnownFileType = sourcecode.swift; path = OtherParty.swift; sourceTree = "<group>"; };
		OBJ_24 /* PostingRule.swift */ = {isa = PBXFileReference; lastKnownFileType = sourcecode.swift; path = PostingRule.swift; sourceTree = "<group>"; };
		OBJ_25 /* ServiceAgreement.swift */ = {isa = PBXFileReference; lastKnownFileType = sourcecode.swift; path = ServiceAgreement.swift; sourceTree = "<group>"; };
		OBJ_26 /* SortOrderType.swift */ = {isa = PBXFileReference; lastKnownFileType = sourcecode.swift; path = SortOrderType.swift; sourceTree = "<group>"; };
		OBJ_27 /* TemporalCollection.swift */ = {isa = PBXFileReference; lastKnownFileType = sourcecode.swift; path = TemporalCollection.swift; sourceTree = "<group>"; };
		OBJ_30 /* AccountingTests.swift */ = {isa = PBXFileReference; lastKnownFileType = sourcecode.swift; path = AccountingTests.swift; sourceTree = "<group>"; };
		OBJ_31 /* ChartOfAccountsTest.swift */ = {isa = PBXFileReference; lastKnownFileType = sourcecode.swift; path = ChartOfAccountsTest.swift; sourceTree = "<group>"; };
		OBJ_32 /* PostingRulesTests.swift */ = {isa = PBXFileReference; lastKnownFileType = sourcecode.swift; path = PostingRulesTests.swift; sourceTree = "<group>"; };
		OBJ_37 /* ArgumentCaptor.swift */ = {isa = PBXFileReference; lastKnownFileType = sourcecode.swift; path = ArgumentCaptor.swift; sourceTree = "<group>"; };
		OBJ_38 /* TypeFacade.swift */ = {isa = PBXFileReference; lastKnownFileType = sourcecode.swift; path = TypeFacade.swift; sourceTree = "<group>"; };
		OBJ_40 /* ArgumentMatcher.swift */ = {isa = PBXFileReference; lastKnownFileType = sourcecode.swift; path = ArgumentMatcher.swift; sourceTree = "<group>"; };
		OBJ_41 /* CountMatcher.swift */ = {isa = PBXFileReference; lastKnownFileType = sourcecode.swift; path = CountMatcher.swift; sourceTree = "<group>"; };
		OBJ_43 /* Mock.swift */ = {isa = PBXFileReference; lastKnownFileType = sourcecode.swift; path = Mock.swift; sourceTree = "<group>"; };
		OBJ_44 /* MockingContext.swift */ = {isa = PBXFileReference; lastKnownFileType = sourcecode.swift; path = MockingContext.swift; sourceTree = "<group>"; };
		OBJ_45 /* Mockingbird.swift */ = {isa = PBXFileReference; lastKnownFileType = sourcecode.swift; path = Mockingbird.swift; sourceTree = "<group>"; };
		OBJ_47 /* Stubbing.swift */ = {isa = PBXFileReference; lastKnownFileType = sourcecode.swift; path = Stubbing.swift; sourceTree = "<group>"; };
		OBJ_48 /* StubbingContext.swift */ = {isa = PBXFileReference; lastKnownFileType = sourcecode.swift; path = StubbingContext.swift; sourceTree = "<group>"; };
		OBJ_49 /* TestKiller.swift */ = {isa = PBXFileReference; lastKnownFileType = sourcecode.swift; path = TestKiller.swift; sourceTree = "<group>"; };
		OBJ_51 /* Array+Extensions.swift */ = {isa = PBXFileReference; lastKnownFileType = sourcecode.swift; path = "Array+Extensions.swift"; sourceTree = "<group>"; };
		OBJ_52 /* DateFormatter+Extensions.swift */ = {isa = PBXFileReference; lastKnownFileType = sourcecode.swift; path = "DateFormatter+Extensions.swift"; sourceTree = "<group>"; };
		OBJ_53 /* String+Extensions.swift */ = {isa = PBXFileReference; lastKnownFileType = sourcecode.swift; path = "String+Extensions.swift"; sourceTree = "<group>"; };
		OBJ_54 /* Synchronized.swift */ = {isa = PBXFileReference; lastKnownFileType = sourcecode.swift; path = Synchronized.swift; sourceTree = "<group>"; };
		OBJ_55 /* Version.swift */ = {isa = PBXFileReference; lastKnownFileType = sourcecode.swift; path = Version.swift; sourceTree = "<group>"; };
		OBJ_56 /* VersionControl.swift */ = {isa = PBXFileReference; lastKnownFileType = sourcecode.swift; path = VersionControl.swift; sourceTree = "<group>"; };
		OBJ_58 /* Invocation.swift */ = {isa = PBXFileReference; lastKnownFileType = sourcecode.swift; path = Invocation.swift; sourceTree = "<group>"; };
		OBJ_59 /* TestFailure.swift */ = {isa = PBXFileReference; lastKnownFileType = sourcecode.swift; path = TestFailure.swift; sourceTree = "<group>"; };
		OBJ_6 /* Package.swift */ = {isa = PBXFileReference; explicitFileType = sourcecode.swift; path = Package.swift; sourceTree = "<group>"; };
		OBJ_60 /* Verification.swift */ = {isa = PBXFileReference; lastKnownFileType = sourcecode.swift; path = Verification.swift; sourceTree = "<group>"; };
		OBJ_66 /* Package.swift */ = {isa = PBXFileReference; explicitFileType = sourcecode.swift; name = Package.swift; path = "/Users/pete/Documents/sophrosyne/src/accounting-pattern/Accounting/.build/checkouts/mockingbird/Package.swift"; sourceTree = "<group>"; };
		OBJ_69 /* OrderedDictionary.swift */ = {isa = PBXFileReference; lastKnownFileType = sourcecode.swift; path = OrderedDictionary.swift; sourceTree = "<group>"; };
		OBJ_70 /* Package.swift */ = {isa = PBXFileReference; explicitFileType = sourcecode.swift; name = Package.swift; path = /Users/pete/Documents/sophrosyne/src/DataStructures/Package.swift; sourceTree = "<group>"; };
		OBJ_73 /* OrderedArray.swift */ = {isa = PBXFileReference; lastKnownFileType = sourcecode.swift; path = OrderedArray.swift; sourceTree = "<group>"; };
		OBJ_74 /* RedBlackTree.swift */ = {isa = PBXFileReference; lastKnownFileType = sourcecode.swift; path = RedBlackTree.swift; sourceTree = "<group>"; };
		OBJ_75 /* Package.swift */ = {isa = PBXFileReference; explicitFileType = sourcecode.swift; name = Package.swift; path = /Users/pete/Documents/sophrosyne/src/SwiftAlgorithmClub/Package.swift; sourceTree = "<group>"; };
		OBJ_82 /* Makefile */ = {isa = PBXFileReference; lastKnownFileType = sourcecode.make; path = Makefile; sourceTree = "<group>"; };
		OBJ_83 /* README.md */ = {isa = PBXFileReference; lastKnownFileType = net.daringfireball.markdown; path = README.md; sourceTree = "<group>"; };
		OBJ_9 /* CurrencyType.swift.gyb */ = {isa = PBXFileReference; lastKnownFileType = text; path = CurrencyType.swift.gyb; sourceTree = "<group>"; };
		"SwiftAlgorithmClub::SwiftAlgorithmClub::Product" /* SwiftAlgorithmClub.framework */ = {isa = PBXFileReference; lastKnownFileType = wrapper.framework; path = SwiftAlgorithmClub.framework; sourceTree = BUILT_PRODUCTS_DIR; };
/* End PBXFileReference section */

/* Begin PBXFrameworksBuildPhase section */
		OBJ_107 /* Frameworks */ = {
			isa = PBXFrameworksBuildPhase;
			buildActionMask = 2147483647;
			files = (
				OBJ_108 /* DataStructures.framework in Frameworks */,
				OBJ_109 /* SwiftAlgorithmClub.framework in Frameworks */,
			);
			runOnlyForDeploymentPostprocessing = 0;
		};
		OBJ_133 /* Frameworks */ = {
			isa = PBXFrameworksBuildPhase;
			buildActionMask = 2147483647;
			files = (
				OBJ_134 /* Mockingbird.framework in Frameworks */,
				OBJ_135 /* Accounting.framework in Frameworks */,
				OBJ_136 /* DataStructures.framework in Frameworks */,
				OBJ_137 /* SwiftAlgorithmClub.framework in Frameworks */,
			);
			runOnlyForDeploymentPostprocessing = 0;
		};
		OBJ_148 /* Frameworks */ = {
			isa = PBXFrameworksBuildPhase;
			buildActionMask = 2147483647;
			files = (
				OBJ_149 /* SwiftAlgorithmClub.framework in Frameworks */,
			);
			runOnlyForDeploymentPostprocessing = 0;
		};
		OBJ_180 /* Frameworks */ = {
			isa = PBXFrameworksBuildPhase;
			buildActionMask = 2147483647;
			files = (
			);
			runOnlyForDeploymentPostprocessing = 0;
		};
		OBJ_193 /* Frameworks */ = {
			isa = PBXFrameworksBuildPhase;
			buildActionMask = 2147483647;
			files = (
			);
			runOnlyForDeploymentPostprocessing = 0;
		};
/* End PBXFrameworksBuildPhase section */

/* Begin PBXGroup section */
		58BDBD084577F526C3B0D525 /* Generated Mocks */ = {
			isa = PBXGroup;
			children = (
				CA4644AF9D60B540CD2881E2 /* AccountingMocks.generated.swift */,
			);
			name = "Generated Mocks";
			sourceTree = "<group>";
		};
		C10C1EC2241C7EBD00BF4B49 /* MockingbirdSupport */ = {
			isa = PBXGroup;
			children = (
				C10C1ECB241C7EBD00BF4B49 /* Swift */,
			);
			path = MockingbirdSupport;
			sourceTree = "<group>";
		};
		C10C1ECB241C7EBD00BF4B49 /* Swift */ = {
			isa = PBXGroup;
			children = (
				C10C1ECC241C7EBD00BF4B49 /* Hashable.swift */,
				C10C1ECD241C7EBD00BF4B49 /* Comparable.swift */,
				C10C1ECE241C7EBD00BF4B49 /* Misc.swift */,
				C10C1ECF241C7EBD00BF4B49 /* Codable.swift */,
				C10C1ED0241C7EBD00BF4B49 /* Equatable.swift */,
			);
			path = Swift;
			sourceTree = "<group>";
		};
		OBJ_28 /* Tests */ = {
			isa = PBXGroup;
			children = (
				OBJ_29 /* AccountingTests */,
			);
			name = Tests;
			sourceTree = SOURCE_ROOT;
		};
		OBJ_29 /* AccountingTests */ = {
			isa = PBXGroup;
			children = (
				OBJ_30 /* AccountingTests.swift */,
				OBJ_31 /* ChartOfAccountsTest.swift */,
				OBJ_32 /* PostingRulesTests.swift */,
			);
			name = AccountingTests;
			path = Tests/AccountingTests;
			sourceTree = SOURCE_ROOT;
		};
		OBJ_33 /* Dependencies */ = {
			isa = PBXGroup;
			children = (
				OBJ_34 /* Mockingbird 0.10.0 */,
				OBJ_67 /* DataStructures */,
				OBJ_71 /* SwiftAlgorithmClub */,
			);
			name = Dependencies;
			sourceTree = "<group>";
		};
		OBJ_34 /* Mockingbird 0.10.0 */ = {
			isa = PBXGroup;
			children = (
				OBJ_35 /* Mockingbird */,
				OBJ_61 /* MockingbirdCli */,
				OBJ_62 /* MockingbirdGenerator */,
				OBJ_63 /* MockingbirdModuleTestsHost */,
				OBJ_64 /* MockingbirdPerformanceTestsHost */,
				OBJ_65 /* MockingbirdTestsHost */,
				OBJ_66 /* Package.swift */,
			);
			name = "Mockingbird 0.10.0";
			sourceTree = SOURCE_ROOT;
		};
		OBJ_35 /* Mockingbird */ = {
			isa = PBXGroup;
			children = (
				OBJ_36 /* DSL */,
				OBJ_39 /* Matching */,
				OBJ_42 /* Mocking */,
				OBJ_45 /* Mockingbird.swift */,
				OBJ_46 /* Stubbing */,
				OBJ_50 /* Utilities */,
				OBJ_57 /* Verification */,
			);
			name = Mockingbird;
			path = .build/checkouts/mockingbird/MockingbirdFramework;
			sourceTree = SOURCE_ROOT;
		};
		OBJ_36 /* DSL */ = {
			isa = PBXGroup;
			children = (
				OBJ_37 /* ArgumentCaptor.swift */,
				OBJ_38 /* TypeFacade.swift */,
			);
			path = DSL;
			sourceTree = "<group>";
		};
		OBJ_39 /* Matching */ = {
			isa = PBXGroup;
			children = (
				OBJ_40 /* ArgumentMatcher.swift */,
				OBJ_41 /* CountMatcher.swift */,
			);
			path = Matching;
			sourceTree = "<group>";
		};
		OBJ_42 /* Mocking */ = {
			isa = PBXGroup;
			children = (
				OBJ_43 /* Mock.swift */,
				OBJ_44 /* MockingContext.swift */,
			);
			path = Mocking;
			sourceTree = "<group>";
		};
		OBJ_46 /* Stubbing */ = {
			isa = PBXGroup;
			children = (
				OBJ_47 /* Stubbing.swift */,
				OBJ_48 /* StubbingContext.swift */,
				OBJ_49 /* TestKiller.swift */,
			);
			path = Stubbing;
			sourceTree = "<group>";
		};
		OBJ_5 /*  */ = {
			isa = PBXGroup;
			children = (
				C10C1EC2241C7EBD00BF4B49 /* MockingbirdSupport */,
				OBJ_6 /* Package.swift */,
				OBJ_7 /* Sources */,
				OBJ_28 /* Tests */,
				OBJ_33 /* Dependencies */,
				OBJ_76 /* Products */,
				OBJ_82 /* Makefile */,
				OBJ_83 /* README.md */,
				58BDBD084577F526C3B0D525 /* Generated Mocks */,
			);
			name = "";
			sourceTree = "<group>";
		};
		OBJ_50 /* Utilities */ = {
			isa = PBXGroup;
			children = (
				OBJ_51 /* Array+Extensions.swift */,
				OBJ_52 /* DateFormatter+Extensions.swift */,
				OBJ_53 /* String+Extensions.swift */,
				OBJ_54 /* Synchronized.swift */,
				OBJ_55 /* Version.swift */,
				OBJ_56 /* VersionControl.swift */,
			);
			path = Utilities;
			sourceTree = "<group>";
		};
		OBJ_57 /* Verification */ = {
			isa = PBXGroup;
			children = (
				OBJ_58 /* Invocation.swift */,
				OBJ_59 /* TestFailure.swift */,
				OBJ_60 /* Verification.swift */,
			);
			path = Verification;
			sourceTree = "<group>";
		};
		OBJ_61 /* MockingbirdCli */ = {
			isa = PBXGroup;
			children = (
			);
			name = MockingbirdCli;
			path = .build/checkouts/mockingbird/MockingbirdCli;
			sourceTree = SOURCE_ROOT;
		};
		OBJ_62 /* MockingbirdGenerator */ = {
			isa = PBXGroup;
			children = (
			);
			name = MockingbirdGenerator;
			path = .build/checkouts/mockingbird/MockingbirdGenerator;
			sourceTree = SOURCE_ROOT;
		};
		OBJ_63 /* MockingbirdModuleTestsHost */ = {
			isa = PBXGroup;
			children = (
			);
			name = MockingbirdModuleTestsHost;
			path = .build/checkouts/mockingbird/MockingbirdTestsHost/Module;
			sourceTree = SOURCE_ROOT;
		};
		OBJ_64 /* MockingbirdPerformanceTestsHost */ = {
			isa = PBXGroup;
			children = (
			);
			name = MockingbirdPerformanceTestsHost;
			path = .build/checkouts/mockingbird/MockingbirdTestsHost/Performance;
			sourceTree = SOURCE_ROOT;
		};
		OBJ_65 /* MockingbirdTestsHost */ = {
			isa = PBXGroup;
			children = (
			);
			name = MockingbirdTestsHost;
			path = .build/checkouts/mockingbird/MockingbirdTestsHost;
			sourceTree = SOURCE_ROOT;
		};
		OBJ_67 /* DataStructures */ = {
			isa = PBXGroup;
			children = (
				OBJ_68 /* DataStructures */,
				OBJ_70 /* Package.swift */,
			);
			name = DataStructures;
			sourceTree = SOURCE_ROOT;
		};
		OBJ_68 /* DataStructures */ = {
			isa = PBXGroup;
			children = (
				OBJ_69 /* OrderedDictionary.swift */,
			);
			name = DataStructures;
			path = ../../DataStructures/Sources/DataStructures;
			sourceTree = SOURCE_ROOT;
		};
		OBJ_7 /* Sources */ = {
			isa = PBXGroup;
			children = (
				OBJ_8 /* Accounting */,
			);
			name = Sources;
			sourceTree = SOURCE_ROOT;
		};
		OBJ_71 /* SwiftAlgorithmClub */ = {
			isa = PBXGroup;
			children = (
				OBJ_72 /* SwiftAlgorithmClub */,
				OBJ_75 /* Package.swift */,
			);
			name = SwiftAlgorithmClub;
			sourceTree = SOURCE_ROOT;
		};
		OBJ_72 /* SwiftAlgorithmClub */ = {
			isa = PBXGroup;
			children = (
				OBJ_73 /* OrderedArray.swift */,
				OBJ_74 /* RedBlackTree.swift */,
			);
			name = SwiftAlgorithmClub;
			path = ../../SwiftAlgorithmClub/Sources/SwiftAlgorithmClub;
			sourceTree = SOURCE_ROOT;
		};
		OBJ_76 /* Products */ = {
			isa = PBXGroup;
			children = (
				"Accounting::Accounting::Product" /* Accounting.framework */,
				"Accounting::AccountingTests::Product" /* AccountingTests.xctest */,
				"Mockingbird::Mockingbird::Product" /* Mockingbird.framework */,
				"SwiftAlgorithmClub::SwiftAlgorithmClub::Product" /* SwiftAlgorithmClub.framework */,
				"DataStructures::DataStructures::Product" /* DataStructures.framework */,
			);
			name = Products;
			sourceTree = BUILT_PRODUCTS_DIR;
		};
		OBJ_8 /* Accounting */ = {
			isa = PBXGroup;
			children = (
				OBJ_9 /* CurrencyType.swift.gyb */,
				OBJ_10 /* Account.swift */,
				OBJ_11 /* AccountName.swift */,
				OBJ_12 /* AccountNumber.swift */,
				OBJ_18 /* Event.swift */,
				OBJ_13 /* AccountingEvent.swift */,
				C10C1EE2241D110A00BF4B49 /* PostToSingleAccountEvent.swift */,
				OBJ_14 /* ChartOfAccounts.swift */,
				OBJ_15 /* CurrencyType.swift */,
				OBJ_16 /* Entry.swift */,
				OBJ_17 /* EntryType.swift */,
				OBJ_19 /* EventType.swift */,
				OBJ_20 /* Money.swift */,
				OBJ_22 /* NamedObject.swift */,
				OBJ_23 /* OtherParty.swift */,
				OBJ_24 /* PostingRule.swift */,
				C10C1EE5241E51BC00BF4B49 /* SingleAccountEntryPostingRule.swift */,
				OBJ_25 /* ServiceAgreement.swift */,
				OBJ_26 /* SortOrderType.swift */,
				OBJ_27 /* TemporalCollection.swift */,
			);
			name = Accounting;
			path = Sources/Accounting;
			sourceTree = SOURCE_ROOT;
		};
/* End PBXGroup section */

/* Begin PBXNativeTarget section */
		"Accounting::Accounting" /* Accounting */ = {
			isa = PBXNativeTarget;
			buildConfigurationList = OBJ_85 /* Build configuration list for PBXNativeTarget "Accounting" */;
			buildPhases = (
				OBJ_88 /* Sources */,
				OBJ_107 /* Frameworks */,
			);
			buildRules = (
			);
			dependencies = (
				OBJ_110 /* PBXTargetDependency */,
				OBJ_112 /* PBXTargetDependency */,
			);
			name = Accounting;
			productName = Accounting;
			productReference = "Accounting::Accounting::Product" /* Accounting.framework */;
			productType = "com.apple.product-type.framework";
		};
		"Accounting::AccountingTests" /* AccountingTests */ = {
			isa = PBXNativeTarget;
			buildConfigurationList = OBJ_126 /* Build configuration list for PBXNativeTarget "AccountingTests" */;
			buildPhases = (
				158C51F6AD1321D9E9B41F02 /* Clean Mockingbird Mocks */,
				700B215BC6E1DEFAFF6CD1AF /* Generate Mockingbird Mocks */,
				OBJ_129 /* Sources */,
				OBJ_133 /* Frameworks */,
			);
			buildRules = (
			);
			dependencies = (
				OBJ_138 /* PBXTargetDependency */,
				OBJ_140 /* PBXTargetDependency */,
				OBJ_141 /* PBXTargetDependency */,
				OBJ_142 /* PBXTargetDependency */,
			);
			name = AccountingTests;
			productName = AccountingTests;
			productReference = "Accounting::AccountingTests::Product" /* AccountingTests.xctest */;
			productType = "com.apple.product-type.bundle.unit-test";
		};
		"Accounting::SwiftPMPackageDescription" /* AccountingPackageDescription */ = {
			isa = PBXNativeTarget;
			buildConfigurationList = OBJ_115 /* Build configuration list for PBXNativeTarget "AccountingPackageDescription" */;
			buildPhases = (
				OBJ_118 /* Sources */,
			);
			buildRules = (
			);
			dependencies = (
			);
			name = AccountingPackageDescription;
			productName = AccountingPackageDescription;
			productType = "com.apple.product-type.framework";
		};
		"DataStructures::DataStructures" /* DataStructures */ = {
			isa = PBXNativeTarget;
			buildConfigurationList = OBJ_143 /* Build configuration list for PBXNativeTarget "DataStructures" */;
			buildPhases = (
				OBJ_146 /* Sources */,
				OBJ_148 /* Frameworks */,
			);
			buildRules = (
			);
			dependencies = (
				OBJ_150 /* PBXTargetDependency */,
			);
			name = DataStructures;
			productName = DataStructures;
			productReference = "DataStructures::DataStructures::Product" /* DataStructures.framework */;
			productType = "com.apple.product-type.framework";
		};
		"DataStructures::SwiftPMPackageDescription" /* DataStructuresPackageDescription */ = {
			isa = PBXNativeTarget;
			buildConfigurationList = OBJ_152 /* Build configuration list for PBXNativeTarget "DataStructuresPackageDescription" */;
			buildPhases = (
				OBJ_155 /* Sources */,
			);
			buildRules = (
			);
			dependencies = (
			);
			name = DataStructuresPackageDescription;
			productName = DataStructuresPackageDescription;
			productType = "com.apple.product-type.framework";
		};
		"Mockingbird::Mockingbird" /* Mockingbird */ = {
			isa = PBXNativeTarget;
			buildConfigurationList = OBJ_157 /* Build configuration list for PBXNativeTarget "Mockingbird" */;
			buildPhases = (
				OBJ_160 /* Sources */,
				OBJ_180 /* Frameworks */,
			);
			buildRules = (
			);
			dependencies = (
			);
			name = Mockingbird;
			productName = Mockingbird;
			productReference = "Mockingbird::Mockingbird::Product" /* Mockingbird.framework */;
			productType = "com.apple.product-type.framework";
		};
		"Mockingbird::SwiftPMPackageDescription" /* MockingbirdPackageDescription */ = {
			isa = PBXNativeTarget;
			buildConfigurationList = OBJ_182 /* Build configuration list for PBXNativeTarget "MockingbirdPackageDescription" */;
			buildPhases = (
				OBJ_185 /* Sources */,
			);
			buildRules = (
			);
			dependencies = (
			);
			name = MockingbirdPackageDescription;
			productName = MockingbirdPackageDescription;
			productType = "com.apple.product-type.framework";
		};
		"SwiftAlgorithmClub::SwiftAlgorithmClub" /* SwiftAlgorithmClub */ = {
			isa = PBXNativeTarget;
			buildConfigurationList = OBJ_187 /* Build configuration list for PBXNativeTarget "SwiftAlgorithmClub" */;
			buildPhases = (
				OBJ_190 /* Sources */,
				OBJ_193 /* Frameworks */,
			);
			buildRules = (
			);
			dependencies = (
			);
			name = SwiftAlgorithmClub;
			productName = SwiftAlgorithmClub;
			productReference = "SwiftAlgorithmClub::SwiftAlgorithmClub::Product" /* SwiftAlgorithmClub.framework */;
			productType = "com.apple.product-type.framework";
		};
		"SwiftAlgorithmClub::SwiftPMPackageDescription" /* SwiftAlgorithmClubPackageDescription */ = {
			isa = PBXNativeTarget;
			buildConfigurationList = OBJ_195 /* Build configuration list for PBXNativeTarget "SwiftAlgorithmClubPackageDescription" */;
			buildPhases = (
				OBJ_198 /* Sources */,
			);
			buildRules = (
			);
			dependencies = (
			);
			name = SwiftAlgorithmClubPackageDescription;
			productName = SwiftAlgorithmClubPackageDescription;
			productType = "com.apple.product-type.framework";
		};
/* End PBXNativeTarget section */

/* Begin PBXProject section */
		OBJ_1 /* Project object */ = {
			isa = PBXProject;
			attributes = {
				LastSwiftMigration = 9999;
				LastUpgradeCheck = 9999;
			};
			buildConfigurationList = OBJ_2 /* Build configuration list for PBXProject "Accounting" */;
			compatibilityVersion = "Xcode 3.2";
			developmentRegion = en;
			hasScannedForEncodings = 0;
			knownRegions = (
				en,
			);
			mainGroup = OBJ_5 /*  */;
			productRefGroup = OBJ_76 /* Products */;
			projectDirPath = "";
			projectRoot = "";
			targets = (
				"Accounting::Accounting" /* Accounting */,
				"Accounting::SwiftPMPackageDescription" /* AccountingPackageDescription */,
				"Accounting::AccountingPackageTests::ProductTarget" /* AccountingPackageTests */,
				"Accounting::AccountingTests" /* AccountingTests */,
				"DataStructures::DataStructures" /* DataStructures */,
				"DataStructures::SwiftPMPackageDescription" /* DataStructuresPackageDescription */,
				"Mockingbird::Mockingbird" /* Mockingbird */,
				"Mockingbird::SwiftPMPackageDescription" /* MockingbirdPackageDescription */,
				"SwiftAlgorithmClub::SwiftAlgorithmClub" /* SwiftAlgorithmClub */,
				"SwiftAlgorithmClub::SwiftPMPackageDescription" /* SwiftAlgorithmClubPackageDescription */,
			);
		};
/* End PBXProject section */

/* Begin PBXShellScriptBuildPhase section */
		158C51F6AD1321D9E9B41F02 /* Clean Mockingbird Mocks */ = {
			isa = PBXShellScriptBuildPhase;
			buildActionMask = 2147483647;
			files = (
			);
			inputPaths = (
			);
			name = "Clean Mockingbird Mocks";
			outputPaths = (
				"/tmp/Mockingbird-A4343A07-2897-4F28-AEEE-B090A52781D7",
			);
			runOnlyForDeploymentPostprocessing = 0;
			shellPath = /bin/sh;
			shellScript = "echo $RANDOM > '/tmp/Mockingbird-A4343A07-2897-4F28-AEEE-B090A52781D7'\n";
		};
		700B215BC6E1DEFAFF6CD1AF /* Generate Mockingbird Mocks */ = {
			isa = PBXShellScriptBuildPhase;
			buildActionMask = 2147483647;
			files = (
			);
			inputPaths = (
				"/tmp/Mockingbird-A4343A07-2897-4F28-AEEE-B090A52781D7",
			);
			name = "Generate Mockingbird Mocks";
			outputPaths = (
				"/Users/pete/Documents/sophrosyne/src/accounting-pattern/Accounting/MockingbirdMocks/AccountingMocks.generated.swift",
			);
			runOnlyForDeploymentPostprocessing = 0;
			shellPath = /bin/sh;
			shellScript = "mockingbird generate \\\n  --targets 'Accounting' \\\n  --outputs '/Users/pete/Documents/sophrosyne/src/accounting-pattern/Accounting/MockingbirdMocks/AccountingMocks.generated.swift'\n\n# Ensure mocks are generated prior to running Compile Sources\nrm -f '/tmp/Mockingbird-A4343A07-2897-4F28-AEEE-B090A52781D7'\n";
		};
/* End PBXShellScriptBuildPhase section */

/* Begin PBXSourcesBuildPhase section */
		OBJ_118 /* Sources */ = {
			isa = PBXSourcesBuildPhase;
			buildActionMask = 2147483647;
			files = (
				OBJ_119 /* Package.swift in Sources */,
			);
			runOnlyForDeploymentPostprocessing = 0;
		};
		OBJ_129 /* Sources */ = {
			isa = PBXSourcesBuildPhase;
			buildActionMask = 2147483647;
			files = (
				C10C1EDB241C7EBD00BF4B49 /* Comparable.swift in Sources */,
				OBJ_130 /* AccountingTests.swift in Sources */,
				C10C1EDE241C7EBD00BF4B49 /* Equatable.swift in Sources */,
				OBJ_131 /* ChartOfAccountsTest.swift in Sources */,
				C10C1EDA241C7EBD00BF4B49 /* Hashable.swift in Sources */,
				C10C1EE3241D110A00BF4B49 /* PostToSingleAccountEvent.swift in Sources */,
				C10C1EDD241C7EBD00BF4B49 /* Codable.swift in Sources */,
				C10C1EDC241C7EBD00BF4B49 /* Misc.swift in Sources */,
				OBJ_132 /* PostingRulesTests.swift in Sources */,
				C10C1EE7241E51BC00BF4B49 /* SingleAccountEntryPostingRule.swift in Sources */,
				1B88494BD983AA668AEC73E8 /* AccountingMocks.generated.swift in Sources */,
			);
			runOnlyForDeploymentPostprocessing = 0;
		};
		OBJ_146 /* Sources */ = {
			isa = PBXSourcesBuildPhase;
			buildActionMask = 2147483647;
			files = (
				OBJ_147 /* OrderedDictionary.swift in Sources */,
			);
			runOnlyForDeploymentPostprocessing = 0;
		};
		OBJ_155 /* Sources */ = {
			isa = PBXSourcesBuildPhase;
			buildActionMask = 2147483647;
			files = (
				OBJ_156 /* Package.swift in Sources */,
			);
			runOnlyForDeploymentPostprocessing = 0;
		};
		OBJ_160 /* Sources */ = {
			isa = PBXSourcesBuildPhase;
			buildActionMask = 2147483647;
			files = (
				OBJ_161 /* ArgumentCaptor.swift in Sources */,
				OBJ_162 /* TypeFacade.swift in Sources */,
				OBJ_163 /* ArgumentMatcher.swift in Sources */,
				OBJ_164 /* CountMatcher.swift in Sources */,
				OBJ_165 /* Mock.swift in Sources */,
				OBJ_166 /* MockingContext.swift in Sources */,
				OBJ_167 /* Mockingbird.swift in Sources */,
				OBJ_168 /* Stubbing.swift in Sources */,
				OBJ_169 /* StubbingContext.swift in Sources */,
				OBJ_170 /* TestKiller.swift in Sources */,
				OBJ_171 /* Array+Extensions.swift in Sources */,
				OBJ_172 /* DateFormatter+Extensions.swift in Sources */,
				OBJ_173 /* String+Extensions.swift in Sources */,
				OBJ_174 /* Synchronized.swift in Sources */,
				OBJ_175 /* Version.swift in Sources */,
				OBJ_176 /* VersionControl.swift in Sources */,
				OBJ_177 /* Invocation.swift in Sources */,
				OBJ_178 /* TestFailure.swift in Sources */,
				OBJ_179 /* Verification.swift in Sources */,
			);
			runOnlyForDeploymentPostprocessing = 0;
		};
		OBJ_185 /* Sources */ = {
			isa = PBXSourcesBuildPhase;
			buildActionMask = 2147483647;
			files = (
				OBJ_186 /* Package.swift in Sources */,
			);
			runOnlyForDeploymentPostprocessing = 0;
		};
		OBJ_190 /* Sources */ = {
			isa = PBXSourcesBuildPhase;
			buildActionMask = 2147483647;
			files = (
				OBJ_191 /* OrderedArray.swift in Sources */,
				OBJ_192 /* RedBlackTree.swift in Sources */,
			);
			runOnlyForDeploymentPostprocessing = 0;
		};
		OBJ_198 /* Sources */ = {
			isa = PBXSourcesBuildPhase;
			buildActionMask = 2147483647;
			files = (
				OBJ_199 /* Package.swift in Sources */,
			);
			runOnlyForDeploymentPostprocessing = 0;
		};
		OBJ_88 /* Sources */ = {
			isa = PBXSourcesBuildPhase;
			buildActionMask = 2147483647;
			files = (
				OBJ_89 /* Account.swift in Sources */,
				OBJ_90 /* AccountName.swift in Sources */,
				OBJ_91 /* AccountNumber.swift in Sources */,
				OBJ_92 /* AccountingEvent.swift in Sources */,
				OBJ_93 /* ChartOfAccounts.swift in Sources */,
				OBJ_94 /* CurrencyType.swift in Sources */,
				OBJ_95 /* Entry.swift in Sources */,
				C10C1EE4241D111B00BF4B49 /* PostToSingleAccountEvent.swift in Sources */,
				OBJ_96 /* EntryType.swift in Sources */,
				OBJ_97 /* Event.swift in Sources */,
				C10C1EE6241E51BC00BF4B49 /* SingleAccountEntryPostingRule.swift in Sources */,
				OBJ_98 /* EventType.swift in Sources */,
				OBJ_99 /* Money.swift in Sources */,
				OBJ_101 /* NamedObject.swift in Sources */,
				OBJ_102 /* OtherParty.swift in Sources */,
				OBJ_103 /* PostingRule.swift in Sources */,
				OBJ_104 /* ServiceAgreement.swift in Sources */,
				OBJ_105 /* SortOrderType.swift in Sources */,
				OBJ_106 /* TemporalCollection.swift in Sources */,
			);
			runOnlyForDeploymentPostprocessing = 0;
		};
/* End PBXSourcesBuildPhase section */

/* Begin PBXTargetDependency section */
		OBJ_110 /* PBXTargetDependency */ = {
			isa = PBXTargetDependency;
			target = "DataStructures::DataStructures" /* DataStructures */;
			targetProxy = C10C1E9A241C4D6C00BF4B49 /* PBXContainerItemProxy */;
		};
		OBJ_112 /* PBXTargetDependency */ = {
			isa = PBXTargetDependency;
			target = "SwiftAlgorithmClub::SwiftAlgorithmClub" /* SwiftAlgorithmClub */;
			targetProxy = C10C1E9C241C4D6C00BF4B49 /* PBXContainerItemProxy */;
		};
		OBJ_124 /* PBXTargetDependency */ = {
			isa = PBXTargetDependency;
			target = "Accounting::AccountingTests" /* AccountingTests */;
			targetProxy = C10C1EA1241C4E4700BF4B49 /* PBXContainerItemProxy */;
		};
		OBJ_138 /* PBXTargetDependency */ = {
			isa = PBXTargetDependency;
			target = "Mockingbird::Mockingbird" /* Mockingbird */;
			targetProxy = C10C1E9D241C4D6D00BF4B49 /* PBXContainerItemProxy */;
		};
		OBJ_140 /* PBXTargetDependency */ = {
			isa = PBXTargetDependency;
			target = "Accounting::Accounting" /* Accounting */;
			targetProxy = C10C1E9E241C4D6D00BF4B49 /* PBXContainerItemProxy */;
		};
		OBJ_141 /* PBXTargetDependency */ = {
			isa = PBXTargetDependency;
			target = "DataStructures::DataStructures" /* DataStructures */;
			targetProxy = C10C1E9F241C4D6D00BF4B49 /* PBXContainerItemProxy */;
		};
		OBJ_142 /* PBXTargetDependency */ = {
			isa = PBXTargetDependency;
			target = "SwiftAlgorithmClub::SwiftAlgorithmClub" /* SwiftAlgorithmClub */;
			targetProxy = C10C1EA0241C4D6D00BF4B49 /* PBXContainerItemProxy */;
		};
		OBJ_150 /* PBXTargetDependency */ = {
			isa = PBXTargetDependency;
			target = "SwiftAlgorithmClub::SwiftAlgorithmClub" /* SwiftAlgorithmClub */;
			targetProxy = C10C1E9B241C4D6C00BF4B49 /* PBXContainerItemProxy */;
		};
/* End PBXTargetDependency section */

/* Begin XCBuildConfiguration section */
		OBJ_116 /* Debug */ = {
			isa = XCBuildConfiguration;
			buildSettings = {
				LD = /usr/bin/true;
				OTHER_SWIFT_FLAGS = "-swift-version 5 -I $(TOOLCHAIN_DIR)/usr/lib/swift/pm/4_2 -target x86_64-apple-macosx10.10 -sdk /Applications/Xcode.app/Contents/Developer/Platforms/MacOSX.platform/Developer/SDKs/MacOSX10.15.sdk -package-description-version 5.1";
				SWIFT_VERSION = 5.0;
			};
			name = Debug;
		};
		OBJ_117 /* Release */ = {
			isa = XCBuildConfiguration;
			buildSettings = {
				LD = /usr/bin/true;
				OTHER_SWIFT_FLAGS = "-swift-version 5 -I $(TOOLCHAIN_DIR)/usr/lib/swift/pm/4_2 -target x86_64-apple-macosx10.10 -sdk /Applications/Xcode.app/Contents/Developer/Platforms/MacOSX.platform/Developer/SDKs/MacOSX10.15.sdk -package-description-version 5.1";
				SWIFT_VERSION = 5.0;
			};
			name = Release;
		};
		OBJ_122 /* Debug */ = {
			isa = XCBuildConfiguration;
			buildSettings = {
			};
			name = Debug;
		};
		OBJ_123 /* Release */ = {
			isa = XCBuildConfiguration;
			buildSettings = {
			};
			name = Release;
		};
		OBJ_127 /* Debug */ = {
			isa = XCBuildConfiguration;
			buildSettings = {
				CLANG_ENABLE_MODULES = YES;
				EMBEDDED_CONTENT_CONTAINS_SWIFT = YES;
				FRAMEWORK_SEARCH_PATHS = (
					"$(inherited)",
					"$(PLATFORM_DIR)/Developer/Library/Frameworks",
				);
				HEADER_SEARCH_PATHS = "$(inherited)";
				INFOPLIST_FILE = Accounting.xcodeproj/AccountingTests_Info.plist;
				IPHONEOS_DEPLOYMENT_TARGET = 13.2;
				LD_RUNPATH_SEARCH_PATHS = "$(inherited) @loader_path/../Frameworks @loader_path/Frameworks";
				MACOSX_DEPLOYMENT_TARGET = 10.10;
				OTHER_CFLAGS = "$(inherited)";
				OTHER_LDFLAGS = "$(inherited)";
				OTHER_SWIFT_FLAGS = "$(inherited)";
				SWIFT_ACTIVE_COMPILATION_CONDITIONS = "$(inherited)";
				SWIFT_VERSION = 5.0;
				TARGET_NAME = AccountingTests;
				TVOS_DEPLOYMENT_TARGET = 9.0;
				WATCHOS_DEPLOYMENT_TARGET = 2.0;
			};
			name = Debug;
		};
		OBJ_128 /* Release */ = {
			isa = XCBuildConfiguration;
			buildSettings = {
				CLANG_ENABLE_MODULES = YES;
				EMBEDDED_CONTENT_CONTAINS_SWIFT = YES;
				FRAMEWORK_SEARCH_PATHS = (
					"$(inherited)",
					"$(PLATFORM_DIR)/Developer/Library/Frameworks",
				);
				HEADER_SEARCH_PATHS = "$(inherited)";
				INFOPLIST_FILE = Accounting.xcodeproj/AccountingTests_Info.plist;
				IPHONEOS_DEPLOYMENT_TARGET = 13.2;
				LD_RUNPATH_SEARCH_PATHS = "$(inherited) @loader_path/../Frameworks @loader_path/Frameworks";
				MACOSX_DEPLOYMENT_TARGET = 10.10;
				OTHER_CFLAGS = "$(inherited)";
				OTHER_LDFLAGS = "$(inherited)";
				OTHER_SWIFT_FLAGS = "$(inherited)";
				SWIFT_ACTIVE_COMPILATION_CONDITIONS = "$(inherited)";
				SWIFT_VERSION = 5.0;
				TARGET_NAME = AccountingTests;
				TVOS_DEPLOYMENT_TARGET = 9.0;
				WATCHOS_DEPLOYMENT_TARGET = 2.0;
			};
			name = Release;
		};
		OBJ_144 /* Debug */ = {
			isa = XCBuildConfiguration;
			buildSettings = {
				ENABLE_TESTABILITY = YES;
				FRAMEWORK_SEARCH_PATHS = (
					"$(inherited)",
					"$(PLATFORM_DIR)/Developer/Library/Frameworks",
				);
				HEADER_SEARCH_PATHS = "$(inherited)";
				INFOPLIST_FILE = Accounting.xcodeproj/DataStructures_Info.plist;
				IPHONEOS_DEPLOYMENT_TARGET = 8.0;
				LD_RUNPATH_SEARCH_PATHS = "$(inherited) $(TOOLCHAIN_DIR)/usr/lib/swift/macosx";
				MACOSX_DEPLOYMENT_TARGET = 10.10;
				OTHER_CFLAGS = "$(inherited)";
				OTHER_LDFLAGS = "$(inherited)";
				OTHER_SWIFT_FLAGS = "$(inherited)";
				PRODUCT_BUNDLE_IDENTIFIER = DataStructures;
				PRODUCT_MODULE_NAME = "$(TARGET_NAME:c99extidentifier)";
				PRODUCT_NAME = "$(TARGET_NAME:c99extidentifier)";
				SKIP_INSTALL = YES;
				SWIFT_ACTIVE_COMPILATION_CONDITIONS = "$(inherited)";
				SWIFT_VERSION = 5.0;
				TARGET_NAME = DataStructures;
				TVOS_DEPLOYMENT_TARGET = 9.0;
				WATCHOS_DEPLOYMENT_TARGET = 2.0;
			};
			name = Debug;
		};
		OBJ_145 /* Release */ = {
			isa = XCBuildConfiguration;
			buildSettings = {
				ENABLE_TESTABILITY = YES;
				FRAMEWORK_SEARCH_PATHS = (
					"$(inherited)",
					"$(PLATFORM_DIR)/Developer/Library/Frameworks",
				);
				HEADER_SEARCH_PATHS = "$(inherited)";
				INFOPLIST_FILE = Accounting.xcodeproj/DataStructures_Info.plist;
				IPHONEOS_DEPLOYMENT_TARGET = 8.0;
				LD_RUNPATH_SEARCH_PATHS = "$(inherited) $(TOOLCHAIN_DIR)/usr/lib/swift/macosx";
				MACOSX_DEPLOYMENT_TARGET = 10.10;
				OTHER_CFLAGS = "$(inherited)";
				OTHER_LDFLAGS = "$(inherited)";
				OTHER_SWIFT_FLAGS = "$(inherited)";
				PRODUCT_BUNDLE_IDENTIFIER = DataStructures;
				PRODUCT_MODULE_NAME = "$(TARGET_NAME:c99extidentifier)";
				PRODUCT_NAME = "$(TARGET_NAME:c99extidentifier)";
				SKIP_INSTALL = YES;
				SWIFT_ACTIVE_COMPILATION_CONDITIONS = "$(inherited)";
				SWIFT_VERSION = 5.0;
				TARGET_NAME = DataStructures;
				TVOS_DEPLOYMENT_TARGET = 9.0;
				WATCHOS_DEPLOYMENT_TARGET = 2.0;
			};
			name = Release;
		};
		OBJ_153 /* Debug */ = {
			isa = XCBuildConfiguration;
			buildSettings = {
				LD = /usr/bin/true;
				OTHER_SWIFT_FLAGS = "-swift-version 5 -I $(TOOLCHAIN_DIR)/usr/lib/swift/pm/4_2 -target x86_64-apple-macosx10.10 -sdk /Applications/Xcode.app/Contents/Developer/Platforms/MacOSX.platform/Developer/SDKs/MacOSX10.15.sdk -package-description-version 5.1";
				SWIFT_VERSION = 5.0;
			};
			name = Debug;
		};
		OBJ_154 /* Release */ = {
			isa = XCBuildConfiguration;
			buildSettings = {
				LD = /usr/bin/true;
				OTHER_SWIFT_FLAGS = "-swift-version 5 -I $(TOOLCHAIN_DIR)/usr/lib/swift/pm/4_2 -target x86_64-apple-macosx10.10 -sdk /Applications/Xcode.app/Contents/Developer/Platforms/MacOSX.platform/Developer/SDKs/MacOSX10.15.sdk -package-description-version 5.1";
				SWIFT_VERSION = 5.0;
			};
			name = Release;
		};
		OBJ_158 /* Debug */ = {
			isa = XCBuildConfiguration;
			buildSettings = {
				ENABLE_TESTABILITY = YES;
				FRAMEWORK_SEARCH_PATHS = (
					"$(inherited)",
					"$(PLATFORM_DIR)/Developer/Library/Frameworks",
				);
				HEADER_SEARCH_PATHS = "$(inherited)";
				INFOPLIST_FILE = Accounting.xcodeproj/Mockingbird_Info.plist;
				IPHONEOS_DEPLOYMENT_TARGET = 8.0;
				LD_RUNPATH_SEARCH_PATHS = "$(inherited) $(TOOLCHAIN_DIR)/usr/lib/swift/macosx";
				MACOSX_DEPLOYMENT_TARGET = 10.10;
				OTHER_CFLAGS = "$(inherited)";
				OTHER_LDFLAGS = (
					"$(inherited)",
					"-framework",
					XCTest,
				);
				OTHER_SWIFT_FLAGS = "$(inherited)";
				PRODUCT_BUNDLE_IDENTIFIER = Mockingbird;
				PRODUCT_MODULE_NAME = "$(TARGET_NAME:c99extidentifier)";
				PRODUCT_NAME = "$(TARGET_NAME:c99extidentifier)";
				SKIP_INSTALL = YES;
				SWIFT_ACTIVE_COMPILATION_CONDITIONS = "$(inherited)";
				SWIFT_VERSION = 5.0;
				TARGET_NAME = Mockingbird;
				TVOS_DEPLOYMENT_TARGET = 9.0;
				WATCHOS_DEPLOYMENT_TARGET = 2.0;
			};
			name = Debug;
		};
		OBJ_159 /* Release */ = {
			isa = XCBuildConfiguration;
			buildSettings = {
				ENABLE_TESTABILITY = YES;
				FRAMEWORK_SEARCH_PATHS = (
					"$(inherited)",
					"$(PLATFORM_DIR)/Developer/Library/Frameworks",
				);
				HEADER_SEARCH_PATHS = "$(inherited)";
				INFOPLIST_FILE = Accounting.xcodeproj/Mockingbird_Info.plist;
				IPHONEOS_DEPLOYMENT_TARGET = 8.0;
				LD_RUNPATH_SEARCH_PATHS = "$(inherited) $(TOOLCHAIN_DIR)/usr/lib/swift/macosx";
				MACOSX_DEPLOYMENT_TARGET = 10.10;
				OTHER_CFLAGS = "$(inherited)";
				OTHER_LDFLAGS = (
					"$(inherited)",
					"-framework",
					XCTest,
				);
				OTHER_SWIFT_FLAGS = "$(inherited)";
				PRODUCT_BUNDLE_IDENTIFIER = Mockingbird;
				PRODUCT_MODULE_NAME = "$(TARGET_NAME:c99extidentifier)";
				PRODUCT_NAME = "$(TARGET_NAME:c99extidentifier)";
				SKIP_INSTALL = YES;
				SWIFT_ACTIVE_COMPILATION_CONDITIONS = "$(inherited)";
				SWIFT_VERSION = 5.0;
				TARGET_NAME = Mockingbird;
				TVOS_DEPLOYMENT_TARGET = 9.0;
				WATCHOS_DEPLOYMENT_TARGET = 2.0;
			};
			name = Release;
		};
		OBJ_183 /* Debug */ = {
			isa = XCBuildConfiguration;
			buildSettings = {
				LD = /usr/bin/true;
				OTHER_SWIFT_FLAGS = "-swift-version 5 -I $(TOOLCHAIN_DIR)/usr/lib/swift/pm/4_2 -target x86_64-apple-macosx10.10 -sdk /Applications/Xcode.app/Contents/Developer/Platforms/MacOSX.platform/Developer/SDKs/MacOSX10.15.sdk -package-description-version 5";
				SWIFT_VERSION = 5.0;
			};
			name = Debug;
		};
		OBJ_184 /* Release */ = {
			isa = XCBuildConfiguration;
			buildSettings = {
				LD = /usr/bin/true;
				OTHER_SWIFT_FLAGS = "-swift-version 5 -I $(TOOLCHAIN_DIR)/usr/lib/swift/pm/4_2 -target x86_64-apple-macosx10.10 -sdk /Applications/Xcode.app/Contents/Developer/Platforms/MacOSX.platform/Developer/SDKs/MacOSX10.15.sdk -package-description-version 5";
				SWIFT_VERSION = 5.0;
			};
			name = Release;
		};
		OBJ_188 /* Debug */ = {
			isa = XCBuildConfiguration;
			buildSettings = {
				ENABLE_TESTABILITY = YES;
				FRAMEWORK_SEARCH_PATHS = (
					"$(inherited)",
					"$(PLATFORM_DIR)/Developer/Library/Frameworks",
				);
				HEADER_SEARCH_PATHS = "$(inherited)";
				INFOPLIST_FILE = Accounting.xcodeproj/SwiftAlgorithmClub_Info.plist;
				IPHONEOS_DEPLOYMENT_TARGET = 8.0;
				LD_RUNPATH_SEARCH_PATHS = "$(inherited) $(TOOLCHAIN_DIR)/usr/lib/swift/macosx";
				MACOSX_DEPLOYMENT_TARGET = 10.10;
				OTHER_CFLAGS = "$(inherited)";
				OTHER_LDFLAGS = "$(inherited)";
				OTHER_SWIFT_FLAGS = "$(inherited)";
				PRODUCT_BUNDLE_IDENTIFIER = SwiftAlgorithmClub;
				PRODUCT_MODULE_NAME = "$(TARGET_NAME:c99extidentifier)";
				PRODUCT_NAME = "$(TARGET_NAME:c99extidentifier)";
				SKIP_INSTALL = YES;
				SWIFT_ACTIVE_COMPILATION_CONDITIONS = "$(inherited)";
				SWIFT_VERSION = 5.0;
				TARGET_NAME = SwiftAlgorithmClub;
				TVOS_DEPLOYMENT_TARGET = 9.0;
				WATCHOS_DEPLOYMENT_TARGET = 2.0;
			};
			name = Debug;
		};
		OBJ_189 /* Release */ = {
			isa = XCBuildConfiguration;
			buildSettings = {
				ENABLE_TESTABILITY = YES;
				FRAMEWORK_SEARCH_PATHS = (
					"$(inherited)",
					"$(PLATFORM_DIR)/Developer/Library/Frameworks",
				);
				HEADER_SEARCH_PATHS = "$(inherited)";
				INFOPLIST_FILE = Accounting.xcodeproj/SwiftAlgorithmClub_Info.plist;
				IPHONEOS_DEPLOYMENT_TARGET = 8.0;
				LD_RUNPATH_SEARCH_PATHS = "$(inherited) $(TOOLCHAIN_DIR)/usr/lib/swift/macosx";
				MACOSX_DEPLOYMENT_TARGET = 10.10;
				OTHER_CFLAGS = "$(inherited)";
				OTHER_LDFLAGS = "$(inherited)";
				OTHER_SWIFT_FLAGS = "$(inherited)";
				PRODUCT_BUNDLE_IDENTIFIER = SwiftAlgorithmClub;
				PRODUCT_MODULE_NAME = "$(TARGET_NAME:c99extidentifier)";
				PRODUCT_NAME = "$(TARGET_NAME:c99extidentifier)";
				SKIP_INSTALL = YES;
				SWIFT_ACTIVE_COMPILATION_CONDITIONS = "$(inherited)";
				SWIFT_VERSION = 5.0;
				TARGET_NAME = SwiftAlgorithmClub;
				TVOS_DEPLOYMENT_TARGET = 9.0;
				WATCHOS_DEPLOYMENT_TARGET = 2.0;
			};
			name = Release;
		};
		OBJ_196 /* Debug */ = {
			isa = XCBuildConfiguration;
			buildSettings = {
				LD = /usr/bin/true;
				OTHER_SWIFT_FLAGS = "-swift-version 5 -I $(TOOLCHAIN_DIR)/usr/lib/swift/pm/4_2 -target x86_64-apple-macosx10.10 -sdk /Applications/Xcode.app/Contents/Developer/Platforms/MacOSX.platform/Developer/SDKs/MacOSX10.15.sdk -package-description-version 5.1";
				SWIFT_VERSION = 5.0;
			};
			name = Debug;
		};
		OBJ_197 /* Release */ = {
			isa = XCBuildConfiguration;
			buildSettings = {
				LD = /usr/bin/true;
				OTHER_SWIFT_FLAGS = "-swift-version 5 -I $(TOOLCHAIN_DIR)/usr/lib/swift/pm/4_2 -target x86_64-apple-macosx10.10 -sdk /Applications/Xcode.app/Contents/Developer/Platforms/MacOSX.platform/Developer/SDKs/MacOSX10.15.sdk -package-description-version 5.1";
				SWIFT_VERSION = 5.0;
			};
			name = Release;
		};
		OBJ_3 /* Debug */ = {
			isa = XCBuildConfiguration;
			buildSettings = {
				CLANG_ENABLE_OBJC_ARC = YES;
				COMBINE_HIDPI_IMAGES = YES;
				COPY_PHASE_STRIP = NO;
				DEBUG_INFORMATION_FORMAT = dwarf;
				DYLIB_INSTALL_NAME_BASE = "@rpath";
				ENABLE_NS_ASSERTIONS = YES;
				GCC_OPTIMIZATION_LEVEL = 0;
				GCC_PREPROCESSOR_DEFINITIONS = (
					"$(inherited)",
					"SWIFT_PACKAGE=1",
					"DEBUG=1",
				);
				IPHONEOS_DEPLOYMENT_TARGET = 13.2;
				MACOSX_DEPLOYMENT_TARGET = 10.10;
				ONLY_ACTIVE_ARCH = YES;
				OTHER_SWIFT_FLAGS = "$(inherited) -DXcode";
				PRODUCT_NAME = "$(TARGET_NAME)";
				SDKROOT = iphoneos;
				SUPPORTED_PLATFORMS = "iphonesimulator iphoneos";
				SWIFT_ACTIVE_COMPILATION_CONDITIONS = "$(inherited) SWIFT_PACKAGE DEBUG";
				SWIFT_OPTIMIZATION_LEVEL = "-Onone";
				USE_HEADERMAP = NO;
			};
			name = Debug;
		};
		OBJ_4 /* Release */ = {
			isa = XCBuildConfiguration;
			buildSettings = {
				CLANG_ENABLE_OBJC_ARC = YES;
				COMBINE_HIDPI_IMAGES = YES;
				COPY_PHASE_STRIP = YES;
				DEBUG_INFORMATION_FORMAT = "dwarf-with-dsym";
				DYLIB_INSTALL_NAME_BASE = "@rpath";
				GCC_OPTIMIZATION_LEVEL = s;
				GCC_PREPROCESSOR_DEFINITIONS = (
					"$(inherited)",
					"SWIFT_PACKAGE=1",
				);
				IPHONEOS_DEPLOYMENT_TARGET = 13.2;
				MACOSX_DEPLOYMENT_TARGET = 10.10;
				OTHER_SWIFT_FLAGS = "$(inherited) -DXcode";
				PRODUCT_NAME = "$(TARGET_NAME)";
				SDKROOT = iphoneos;
				SUPPORTED_PLATFORMS = "iphonesimulator iphoneos";
				SWIFT_ACTIVE_COMPILATION_CONDITIONS = "$(inherited) SWIFT_PACKAGE";
				SWIFT_OPTIMIZATION_LEVEL = "-Owholemodule";
				USE_HEADERMAP = NO;
			};
			name = Release;
		};
		OBJ_86 /* Debug */ = {
			isa = XCBuildConfiguration;
			buildSettings = {
				ENABLE_TESTABILITY = YES;
				FRAMEWORK_SEARCH_PATHS = (
					"$(inherited)",
					"$(PLATFORM_DIR)/Developer/Library/Frameworks",
				);
				HEADER_SEARCH_PATHS = "$(inherited)";
				INFOPLIST_FILE = Accounting.xcodeproj/Accounting_Info.plist;
				IPHONEOS_DEPLOYMENT_TARGET = 8.0;
				LD_RUNPATH_SEARCH_PATHS = "$(inherited) $(TOOLCHAIN_DIR)/usr/lib/swift/macosx";
				MACOSX_DEPLOYMENT_TARGET = 10.10;
				OTHER_CFLAGS = "$(inherited)";
				OTHER_LDFLAGS = "$(inherited)";
				OTHER_SWIFT_FLAGS = "$(inherited)";
				PRODUCT_BUNDLE_IDENTIFIER = Accounting;
				PRODUCT_MODULE_NAME = "$(TARGET_NAME:c99extidentifier)";
				PRODUCT_NAME = "$(TARGET_NAME:c99extidentifier)";
				SKIP_INSTALL = YES;
				SWIFT_ACTIVE_COMPILATION_CONDITIONS = "$(inherited)";
				SWIFT_VERSION = 5.0;
				TARGET_NAME = Accounting;
				TVOS_DEPLOYMENT_TARGET = 9.0;
				WATCHOS_DEPLOYMENT_TARGET = 2.0;
			};
			name = Debug;
		};
		OBJ_87 /* Release */ = {
			isa = XCBuildConfiguration;
			buildSettings = {
				ENABLE_TESTABILITY = YES;
				FRAMEWORK_SEARCH_PATHS = (
					"$(inherited)",
					"$(PLATFORM_DIR)/Developer/Library/Frameworks",
				);
				HEADER_SEARCH_PATHS = "$(inherited)";
				INFOPLIST_FILE = Accounting.xcodeproj/Accounting_Info.plist;
				IPHONEOS_DEPLOYMENT_TARGET = 8.0;
				LD_RUNPATH_SEARCH_PATHS = "$(inherited) $(TOOLCHAIN_DIR)/usr/lib/swift/macosx";
				MACOSX_DEPLOYMENT_TARGET = 10.10;
				OTHER_CFLAGS = "$(inherited)";
				OTHER_LDFLAGS = "$(inherited)";
				OTHER_SWIFT_FLAGS = "$(inherited)";
				PRODUCT_BUNDLE_IDENTIFIER = Accounting;
				PRODUCT_MODULE_NAME = "$(TARGET_NAME:c99extidentifier)";
				PRODUCT_NAME = "$(TARGET_NAME:c99extidentifier)";
				SKIP_INSTALL = YES;
				SWIFT_ACTIVE_COMPILATION_CONDITIONS = "$(inherited)";
				SWIFT_VERSION = 5.0;
				TARGET_NAME = Accounting;
				TVOS_DEPLOYMENT_TARGET = 9.0;
				WATCHOS_DEPLOYMENT_TARGET = 2.0;
			};
			name = Release;
		};
/* End XCBuildConfiguration section */

/* Begin XCConfigurationList section */
		OBJ_115 /* Build configuration list for PBXNativeTarget "AccountingPackageDescription" */ = {
			isa = XCConfigurationList;
			buildConfigurations = (
				OBJ_116 /* Debug */,
				OBJ_117 /* Release */,
			);
			defaultConfigurationIsVisible = 0;
			defaultConfigurationName = Release;
		};
		OBJ_121 /* Build configuration list for PBXAggregateTarget "AccountingPackageTests" */ = {
			isa = XCConfigurationList;
			buildConfigurations = (
				OBJ_122 /* Debug */,
				OBJ_123 /* Release */,
			);
			defaultConfigurationIsVisible = 0;
			defaultConfigurationName = Release;
		};
		OBJ_126 /* Build configuration list for PBXNativeTarget "AccountingTests" */ = {
			isa = XCConfigurationList;
			buildConfigurations = (
				OBJ_127 /* Debug */,
				OBJ_128 /* Release */,
			);
			defaultConfigurationIsVisible = 0;
			defaultConfigurationName = Release;
		};
		OBJ_143 /* Build configuration list for PBXNativeTarget "DataStructures" */ = {
			isa = XCConfigurationList;
			buildConfigurations = (
				OBJ_144 /* Debug */,
				OBJ_145 /* Release */,
			);
			defaultConfigurationIsVisible = 0;
			defaultConfigurationName = Release;
		};
		OBJ_152 /* Build configuration list for PBXNativeTarget "DataStructuresPackageDescription" */ = {
			isa = XCConfigurationList;
			buildConfigurations = (
				OBJ_153 /* Debug */,
				OBJ_154 /* Release */,
			);
			defaultConfigurationIsVisible = 0;
			defaultConfigurationName = Release;
		};
		OBJ_157 /* Build configuration list for PBXNativeTarget "Mockingbird" */ = {
			isa = XCConfigurationList;
			buildConfigurations = (
				OBJ_158 /* Debug */,
				OBJ_159 /* Release */,
			);
			defaultConfigurationIsVisible = 0;
			defaultConfigurationName = Release;
		};
		OBJ_182 /* Build configuration list for PBXNativeTarget "MockingbirdPackageDescription" */ = {
			isa = XCConfigurationList;
			buildConfigurations = (
				OBJ_183 /* Debug */,
				OBJ_184 /* Release */,
			);
			defaultConfigurationIsVisible = 0;
			defaultConfigurationName = Release;
		};
		OBJ_187 /* Build configuration list for PBXNativeTarget "SwiftAlgorithmClub" */ = {
			isa = XCConfigurationList;
			buildConfigurations = (
				OBJ_188 /* Debug */,
				OBJ_189 /* Release */,
			);
			defaultConfigurationIsVisible = 0;
			defaultConfigurationName = Release;
		};
		OBJ_195 /* Build configuration list for PBXNativeTarget "SwiftAlgorithmClubPackageDescription" */ = {
			isa = XCConfigurationList;
			buildConfigurations = (
				OBJ_196 /* Debug */,
				OBJ_197 /* Release */,
			);
			defaultConfigurationIsVisible = 0;
			defaultConfigurationName = Release;
		};
		OBJ_2 /* Build configuration list for PBXProject "Accounting" */ = {
			isa = XCConfigurationList;
			buildConfigurations = (
				OBJ_3 /* Debug */,
				OBJ_4 /* Release */,
			);
			defaultConfigurationIsVisible = 0;
			defaultConfigurationName = Release;
		};
		OBJ_85 /* Build configuration list for PBXNativeTarget "Accounting" */ = {
			isa = XCConfigurationList;
			buildConfigurations = (
				OBJ_86 /* Debug */,
				OBJ_87 /* Release */,
			);
			defaultConfigurationIsVisible = 0;
			defaultConfigurationName = Release;
		};
/* End XCConfigurationList section */
	};
	rootObject = OBJ_1 /* Project object */;
}
